{
  "pins" : [
    {
      "identity" : "fmprokit",
      "kind" : "remoteSourceControl",
      "location" : "https://github.com/CoderlyStudio/FMProKit",
      "state" : {
        "branch" : "main",
        "revision" : "9b0eb6294f0832e9dc3560502bfd5abf83db6d1f"
      }
    }
  ],
  "version" : 2
}
