// !$*UTF8*$!
{
	archiveVersion = 1;
	classes = {
	};
	objectVersion = 56;
	objects = {

/* Begin PBXBuildFile section */
		0A6732992A0B830300806FEA /* MelogranoProjectApp.swift in Sources */ = {isa = PBXBuildFile; fileRef = 0A6732982A0B830300806FEA /* MelogranoProjectApp.swift */; };
		0A67329B2A0B830300806FEA /* ContentView.swift in Sources */ = {isa = PBXBuildFile; fileRef = 0A67329A2A0B830300806FEA /* ContentView.swift */; };
		0A67329D2A0B830400806FEA /* Assets.xcassets in Resources */ = {isa = PBXBuildFile; fileRef = 0A67329C2A0B830400806FEA /* Assets.xcassets */; };
		0A6732A02A0B830400806FEA /* Preview Assets.xcassets in Resources */ = {isa = PBXBuildFile; fileRef = 0A67329F2A0B830400806FEA /* Preview Assets.xcassets */; };
		0A6732A22A0B830400806FEA /* Persistence.swift in Sources */ = {isa = PBXBuildFile; fileRef = 0A6732A12A0B830400806FEA /* Persistence.swift */; };
		0A6732A52A0B830400806FEA /* MelogranoProject.xcdatamodeld in Sources */ = {isa = PBXBuildFile; fileRef = 0A6732A32A0B830400806FEA /* MelogranoProject.xcdatamodeld */; };
		0A6732AF2A0B830400806FEA /* MelogranoProjectTests.swift in Sources */ = {isa = PBXBuildFile; fileRef = 0A6732AE2A0B830400806FEA /* MelogranoProjectTests.swift */; };
		0A6732B92A0B830400806FEA /* MelogranoProjectUITests.swift in Sources */ = {isa = PBXBuildFile; fileRef = 0A6732B82A0B830400806FEA /* MelogranoProjectUITests.swift */; };
		0A6732BB2A0B830400806FEA /* MelogranoProjectUITestsLaunchTests.swift in Sources */ = {isa = PBXBuildFile; fileRef = 0A6732BA2A0B830400806FEA /* MelogranoProjectUITestsLaunchTests.swift */; };
		0A72FD232A273AE300073F85 /* GameMemoryModel.swift in Sources */ = {isa = PBXBuildFile; fileRef = 0A72FD1F2A273AE300073F85 /* GameMemoryModel.swift */; };
		0A72FD242A273AE300073F85 /* CardMemory.swift in Sources */ = {isa = PBXBuildFile; fileRef = 0A72FD222A273AE300073F85 /* CardMemory.swift */; };
		0A72FD252A273AE300073F85 /* CardView.swift in Sources */ = {isa = PBXBuildFile; fileRef = 0A72FD202A273AE300073F85 /* CardView.swift */; };
		0A72FD262A273AE300073F85 /* CardMemoryGameView.swift in Sources */ = {isa = PBXBuildFile; fileRef = 0A72FD212A273AE300073F85 /* CardMemoryGameView.swift */; };
		0A72FD742A2752DD00073F85 /* GameTwoView.swift in Sources */ = {isa = PBXBuildFile; fileRef = 0A72FD732A2752DD00073F85 /* GameTwoView.swift */; };
		0A72FD762A2752F300073F85 /* CardOrderViewGameTwo.swift in Sources */ = {isa = PBXBuildFile; fileRef = 0A72FD752A2752F300073F85 /* CardOrderViewGameTwo.swift */; };
		0A72FD782A27530400073F85 /* CardGameTwoView.swift in Sources */ = {isa = PBXBuildFile; fileRef = 0A72FD772A27530400073F85 /* CardGameTwoView.swift */; };
		0A72FD7A2A27531300073F85 /* WorldCard.swift in Sources */ = {isa = PBXBuildFile; fileRef = 0A72FD792A27531300073F85 /* WorldCard.swift */; };
		0A72FD7C2A27531E00073F85 /* CardGameTwo.swift in Sources */ = {isa = PBXBuildFile; fileRef = 0A72FD7B2A27531E00073F85 /* CardGameTwo.swift */; };
		0A72FD7E2A27533100073F85 /* ModelGameTwo.swift in Sources */ = {isa = PBXBuildFile; fileRef = 0A72FD7D2A27533100073F85 /* ModelGameTwo.swift */; };
		0A73F62C2A2E29C800959F41 /* Modale.swift in Sources */ = {isa = PBXBuildFile; fileRef = 0A73F62B2A2E29C800959F41 /* Modale.swift */; };
		0A73F62E2A2E29D000959F41 /* OnBoardingFirst.swift in Sources */ = {isa = PBXBuildFile; fileRef = 0A73F62D2A2E29D000959F41 /* OnBoardingFirst.swift */; };
		0ADDF04D2A1CB836005BDE6A /* Game2.geojson in Resources */ = {isa = PBXBuildFile; fileRef = 13FD072A2A14C22E0023539C /* Game2.geojson */; };
		0ADDF04E2A1CB84D005BDE6A /* Game2.2.geojson in Resources */ = {isa = PBXBuildFile; fileRef = 13FD072B2A14C2550023539C /* Game2.2.geojson */; };
		0ADDF04F2A1CB84F005BDE6A /* Game2.3.geojson in Resources */ = {isa = PBXBuildFile; fileRef = 13FD072C2A14C26A0023539C /* Game2.3.geojson */; };
		0ADDF0502A1CB852005BDE6A /* Game1.3.geojson in Resources */ = {isa = PBXBuildFile; fileRef = 13FD07302A14C2CC0023539C /* Game1.3.geojson */; };
		0ADDF0512A1CB855005BDE6A /* Game1.2.geojson in Resources */ = {isa = PBXBuildFile; fileRef = 13FD072F2A14C2BC0023539C /* Game1.2.geojson */; };
		0ADDF0522A1CB85B005BDE6A /* Game3.geojson in Resources */ = {isa = PBXBuildFile; fileRef = 0ADDF04A2A1CB5BB005BDE6A /* Game3.geojson */; };
		0ADDF0532A1CB8A4005BDE6A /* Game3.2.geojson in Resources */ = {isa = PBXBuildFile; fileRef = 0ADDF04B2A1CB5D5005BDE6A /* Game3.2.geojson */; };
		0ADDF0542A1CB8A6005BDE6A /* Game3.3.geojson in Resources */ = {isa = PBXBuildFile; fileRef = 0ADDF04C2A1CB5E5005BDE6A /* Game3.3.geojson */; };
		0AEC85742A1290210051DAC4 /* OnBoardingFourth.swift in Sources */ = {isa = PBXBuildFile; fileRef = 0AEC85732A1290210051DAC4 /* OnBoardingFourth.swift */; };
		0AEC85762A1290350051DAC4 /* OnBoardingManager.swift in Sources */ = {isa = PBXBuildFile; fileRef = 0AEC85752A1290350051DAC4 /* OnBoardingManager.swift */; };
		13ED4CA22A2489D8009CF732 /* menu.mp3 in Resources */ = {isa = PBXBuildFile; fileRef = 13ED4CA12A2489D8009CF732 /* menu.mp3 */; };
		C91DC2922A13C65800FA8329 /* ContentViewBallsLevel1.swift in Sources */ = {isa = PBXBuildFile; fileRef = C91DC2912A13C65800FA8329 /* ContentViewBallsLevel1.swift */; };
		C91DC2942A13C66C00FA8329 /* BallsView.swift in Sources */ = {isa = PBXBuildFile; fileRef = C91DC2932A13C66C00FA8329 /* BallsView.swift */; };
		C92CF2E42A1B507000AAF385 /* notifica.mp3 in Resources */ = {isa = PBXBuildFile; fileRef = C92CF2E32A1B507000AAF385 /* notifica.mp3 */; };
		C94228002A265E590019A550 /* GameOneView.swift in Sources */ = {isa = PBXBuildFile; fileRef = C94227FF2A265E590019A550 /* GameOneView.swift */; };
		C94228022A265E810019A550 /* CardGameOne.swift in Sources */ = {isa = PBXBuildFile; fileRef = C94228012A265E810019A550 /* CardGameOne.swift */; };
		C94228042A265EB10019A550 /* CardGameOneView.swift in Sources */ = {isa = PBXBuildFile; fileRef = C94228032A265EB10019A550 /* CardGameOneView.swift */; };
		C94228062A265ED10019A550 /* ModelGameOne.swift in Sources */ = {isa = PBXBuildFile; fileRef = C94228052A265ED10019A550 /* ModelGameOne.swift */; };
		C94228082A265EF00019A550 /* CardOrderViewGameOne.swift in Sources */ = {isa = PBXBuildFile; fileRef = C94228072A265EF00019A550 /* CardOrderViewGameOne.swift */; };
		C950A92D2A149FFF005DFE2D /* Game1.geojson in Resources */ = {isa = PBXBuildFile; fileRef = C950A92C2A149FFF005DFE2D /* Game1.geojson */; };
		C950A9312A14A4CD005DFE2D /* MemoryCards.geojson in Resources */ = {isa = PBXBuildFile; fileRef = C950A9302A14A4C8005DFE2D /* MemoryCards.geojson */; };
		C97DE1532A1D215000BB7298 /* ContentViewBallsLevel2.swift in Sources */ = {isa = PBXBuildFile; fileRef = C97DE1522A1D215000BB7298 /* ContentViewBallsLevel2.swift */; };
		C97DE1552A1D217E00BB7298 /* ContentViewBallsLevel3.swift in Sources */ = {isa = PBXBuildFile; fileRef = C97DE1542A1D217E00BB7298 /* ContentViewBallsLevel3.swift */; };
		C97DE1572A1D21B000BB7298 /* BallsGameMenuLevel.swift in Sources */ = {isa = PBXBuildFile; fileRef = C97DE1562A1D21B000BB7298 /* BallsGameMenuLevel.swift */; };
		C99C52C92A28AC3B00105656 /* StartMenu.swift in Sources */ = {isa = PBXBuildFile; fileRef = C99C52C82A28AC3B00105656 /* StartMenu.swift */; };
		C9ABC23F2A267DAD00D5D6E9 /* ButtonGameModelView.swift in Sources */ = {isa = PBXBuildFile; fileRef = C9ABC23E2A267DAD00D5D6E9 /* ButtonGameModelView.swift */; };
		C9ABC2412A267DBE00D5D6E9 /* Game.swift in Sources */ = {isa = PBXBuildFile; fileRef = C9ABC2402A267DBE00D5D6E9 /* Game.swift */; };
		C9F92AE02A29DD9900AF53CC /* customCorsivo.ttf in Resources */ = {isa = PBXBuildFile; fileRef = C9F92ADF2A29DD9900AF53CC /* customCorsivo.ttf */; };
		C9F92AE22A29DDA700AF53CC /* customRegular.ttf in Resources */ = {isa = PBXBuildFile; fileRef = C9F92AE12A29DDA700AF53CC /* customRegular.ttf */; };
/* End PBXBuildFile section */

/* Begin PBXContainerItemProxy section */
		0A6732AB2A0B830400806FEA /* PBXContainerItemProxy */ = {
			isa = PBXContainerItemProxy;
			containerPortal = 0A67328D2A0B830300806FEA /* Project object */;
			proxyType = 1;
			remoteGlobalIDString = 0A6732942A0B830300806FEA;
			remoteInfo = MelogranoProject;
		};
		0A6732B52A0B830400806FEA /* PBXContainerItemProxy */ = {
			isa = PBXContainerItemProxy;
			containerPortal = 0A67328D2A0B830300806FEA /* Project object */;
			proxyType = 1;
			remoteGlobalIDString = 0A6732942A0B830300806FEA;
			remoteInfo = MelogranoProject;
		};
/* End PBXContainerItemProxy section */

/* Begin PBXFileReference section */
		0A6732952A0B830300806FEA /* MelogranoProject.app */ = {isa = PBXFileReference; explicitFileType = wrapper.application; includeInIndex = 0; path = MelogranoProject.app; sourceTree = BUILT_PRODUCTS_DIR; };
		0A6732982A0B830300806FEA /* MelogranoProjectApp.swift */ = {isa = PBXFileReference; lastKnownFileType = sourcecode.swift; path = MelogranoProjectApp.swift; sourceTree = "<group>"; };
		0A67329A2A0B830300806FEA /* ContentView.swift */ = {isa = PBXFileReference; lastKnownFileType = sourcecode.swift; path = ContentView.swift; sourceTree = "<group>"; };
		0A67329C2A0B830400806FEA /* Assets.xcassets */ = {isa = PBXFileReference; lastKnownFileType = folder.assetcatalog; path = Assets.xcassets; sourceTree = "<group>"; };
		0A67329F2A0B830400806FEA /* Preview Assets.xcassets */ = {isa = PBXFileReference; lastKnownFileType = folder.assetcatalog; path = "Preview Assets.xcassets"; sourceTree = "<group>"; };
		0A6732A12A0B830400806FEA /* Persistence.swift */ = {isa = PBXFileReference; lastKnownFileType = sourcecode.swift; path = Persistence.swift; sourceTree = "<group>"; };
		0A6732A42A0B830400806FEA /* MelogranoProject.xcdatamodel */ = {isa = PBXFileReference; lastKnownFileType = wrapper.xcdatamodel; path = MelogranoProject.xcdatamodel; sourceTree = "<group>"; };
		0A6732AA2A0B830400806FEA /* MelogranoProjectTests.xctest */ = {isa = PBXFileReference; explicitFileType = wrapper.cfbundle; includeInIndex = 0; path = MelogranoProjectTests.xctest; sourceTree = BUILT_PRODUCTS_DIR; };
		0A6732AE2A0B830400806FEA /* MelogranoProjectTests.swift */ = {isa = PBXFileReference; lastKnownFileType = sourcecode.swift; path = MelogranoProjectTests.swift; sourceTree = "<group>"; };
		0A6732B42A0B830400806FEA /* MelogranoProjectUITests.xctest */ = {isa = PBXFileReference; explicitFileType = wrapper.cfbundle; includeInIndex = 0; path = MelogranoProjectUITests.xctest; sourceTree = BUILT_PRODUCTS_DIR; };
		0A6732B82A0B830400806FEA /* MelogranoProjectUITests.swift */ = {isa = PBXFileReference; lastKnownFileType = sourcecode.swift; path = MelogranoProjectUITests.swift; sourceTree = "<group>"; };
		0A6732BA2A0B830400806FEA /* MelogranoProjectUITestsLaunchTests.swift */ = {isa = PBXFileReference; lastKnownFileType = sourcecode.swift; path = MelogranoProjectUITestsLaunchTests.swift; sourceTree = "<group>"; };
		0A72FD1F2A273AE300073F85 /* GameMemoryModel.swift */ = {isa = PBXFileReference; lastKnownFileType = sourcecode.swift; path = GameMemoryModel.swift; sourceTree = "<group>"; };
		0A72FD202A273AE300073F85 /* CardView.swift */ = {isa = PBXFileReference; lastKnownFileType = sourcecode.swift; path = CardView.swift; sourceTree = "<group>"; };
		0A72FD212A273AE300073F85 /* CardMemoryGameView.swift */ = {isa = PBXFileReference; lastKnownFileType = sourcecode.swift; path = CardMemoryGameView.swift; sourceTree = "<group>"; };
		0A72FD222A273AE300073F85 /* CardMemory.swift */ = {isa = PBXFileReference; lastKnownFileType = sourcecode.swift; path = CardMemory.swift; sourceTree = "<group>"; };
		0A72FD732A2752DD00073F85 /* GameTwoView.swift */ = {isa = PBXFileReference; lastKnownFileType = sourcecode.swift; path = GameTwoView.swift; sourceTree = "<group>"; };
		0A72FD752A2752F300073F85 /* CardOrderViewGameTwo.swift */ = {isa = PBXFileReference; lastKnownFileType = sourcecode.swift; path = CardOrderViewGameTwo.swift; sourceTree = "<group>"; };
		0A72FD772A27530400073F85 /* CardGameTwoView.swift */ = {isa = PBXFileReference; lastKnownFileType = sourcecode.swift; path = CardGameTwoView.swift; sourceTree = "<group>"; };
		0A72FD792A27531300073F85 /* WorldCard.swift */ = {isa = PBXFileReference; lastKnownFileType = sourcecode.swift; path = WorldCard.swift; sourceTree = "<group>"; };
		0A72FD7B2A27531E00073F85 /* CardGameTwo.swift */ = {isa = PBXFileReference; lastKnownFileType = sourcecode.swift; path = CardGameTwo.swift; sourceTree = "<group>"; };
		0A72FD7D2A27533100073F85 /* ModelGameTwo.swift */ = {isa = PBXFileReference; lastKnownFileType = sourcecode.swift; path = ModelGameTwo.swift; sourceTree = "<group>"; };
		0A73F62B2A2E29C800959F41 /* Modale.swift */ = {isa = PBXFileReference; fileEncoding = 4; lastKnownFileType = sourcecode.swift; name = Modale.swift; path = "MelogranoProject/On Boarding/Modale.swift"; sourceTree = SOURCE_ROOT; };
		0A73F62D2A2E29D000959F41 /* OnBoardingFirst.swift */ = {isa = PBXFileReference; fileEncoding = 4; lastKnownFileType = sourcecode.swift; name = OnBoardingFirst.swift; path = "MelogranoProject/On Boarding/OnBoardingFirst.swift"; sourceTree = SOURCE_ROOT; };
		0ADDF04A2A1CB5BB005BDE6A /* Game3.geojson */ = {isa = PBXFileReference; fileEncoding = 4; lastKnownFileType = text; path = Game3.geojson; sourceTree = "<group>"; };
		0ADDF04B2A1CB5D5005BDE6A /* Game3.2.geojson */ = {isa = PBXFileReference; fileEncoding = 4; lastKnownFileType = text; path = Game3.2.geojson; sourceTree = "<group>"; };
		0ADDF04C2A1CB5E5005BDE6A /* Game3.3.geojson */ = {isa = PBXFileReference; fileEncoding = 4; lastKnownFileType = text; path = Game3.3.geojson; sourceTree = "<group>"; };
		0AEC85732A1290210051DAC4 /* OnBoardingFourth.swift */ = {isa = PBXFileReference; lastKnownFileType = sourcecode.swift; path = OnBoardingFourth.swift; sourceTree = "<group>"; };
		0AEC85752A1290350051DAC4 /* OnBoardingManager.swift */ = {isa = PBXFileReference; lastKnownFileType = sourcecode.swift; path = OnBoardingManager.swift; sourceTree = "<group>"; };
		13ED4CA12A2489D8009CF732 /* menu.mp3 */ = {isa = PBXFileReference; lastKnownFileType = audio.mp3; name = menu.mp3; path = ../../Sound/menu.mp3; sourceTree = "<group>"; };
		13FD072A2A14C22E0023539C /* Game2.geojson */ = {isa = PBXFileReference; fileEncoding = 4; lastKnownFileType = text; path = Game2.geojson; sourceTree = "<group>"; };
		13FD072B2A14C2550023539C /* Game2.2.geojson */ = {isa = PBXFileReference; fileEncoding = 4; lastKnownFileType = text; path = Game2.2.geojson; sourceTree = "<group>"; };
		13FD072C2A14C26A0023539C /* Game2.3.geojson */ = {isa = PBXFileReference; fileEncoding = 4; lastKnownFileType = text; path = Game2.3.geojson; sourceTree = "<group>"; };
		13FD072F2A14C2BC0023539C /* Game1.2.geojson */ = {isa = PBXFileReference; fileEncoding = 4; lastKnownFileType = text; path = Game1.2.geojson; sourceTree = "<group>"; };
		13FD07302A14C2CC0023539C /* Game1.3.geojson */ = {isa = PBXFileReference; fileEncoding = 4; lastKnownFileType = text; path = Game1.3.geojson; sourceTree = "<group>"; };
		C91DC2912A13C65800FA8329 /* ContentViewBallsLevel1.swift */ = {isa = PBXFileReference; lastKnownFileType = sourcecode.swift; path = ContentViewBallsLevel1.swift; sourceTree = "<group>"; };
		C91DC2932A13C66C00FA8329 /* BallsView.swift */ = {isa = PBXFileReference; lastKnownFileType = sourcecode.swift; path = BallsView.swift; sourceTree = "<group>"; };
		C92CF2E32A1B507000AAF385 /* notifica.mp3 */ = {isa = PBXFileReference; lastKnownFileType = audio.mp3; name = notifica.mp3; path = ../../Sound/notifica.mp3; sourceTree = "<group>"; };
		C94227FF2A265E590019A550 /* GameOneView.swift */ = {isa = PBXFileReference; lastKnownFileType = sourcecode.swift; path = GameOneView.swift; sourceTree = "<group>"; };
		C94228012A265E810019A550 /* CardGameOne.swift */ = {isa = PBXFileReference; lastKnownFileType = sourcecode.swift; path = CardGameOne.swift; sourceTree = "<group>"; };
		C94228032A265EB10019A550 /* CardGameOneView.swift */ = {isa = PBXFileReference; lastKnownFileType = sourcecode.swift; path = CardGameOneView.swift; sourceTree = "<group>"; };
		C94228052A265ED10019A550 /* ModelGameOne.swift */ = {isa = PBXFileReference; lastKnownFileType = sourcecode.swift; path = ModelGameOne.swift; sourceTree = "<group>"; };
		C94228072A265EF00019A550 /* CardOrderViewGameOne.swift */ = {isa = PBXFileReference; lastKnownFileType = sourcecode.swift; path = CardOrderViewGameOne.swift; sourceTree = "<group>"; };
		C950A92C2A149FFF005DFE2D /* Game1.geojson */ = {isa = PBXFileReference; fileEncoding = 4; lastKnownFileType = text; path = Game1.geojson; sourceTree = "<group>"; };
		C950A9302A14A4C8005DFE2D /* MemoryCards.geojson */ = {isa = PBXFileReference; fileEncoding = 4; lastKnownFileType = text; path = MemoryCards.geojson; sourceTree = "<group>"; };
		C97DE1522A1D215000BB7298 /* ContentViewBallsLevel2.swift */ = {isa = PBXFileReference; lastKnownFileType = sourcecode.swift; path = ContentViewBallsLevel2.swift; sourceTree = "<group>"; };
		C97DE1542A1D217E00BB7298 /* ContentViewBallsLevel3.swift */ = {isa = PBXFileReference; lastKnownFileType = sourcecode.swift; path = ContentViewBallsLevel3.swift; sourceTree = "<group>"; };
		C97DE1562A1D21B000BB7298 /* BallsGameMenuLevel.swift */ = {isa = PBXFileReference; lastKnownFileType = sourcecode.swift; path = BallsGameMenuLevel.swift; sourceTree = "<group>"; };
		C99C52C82A28AC3B00105656 /* StartMenu.swift */ = {isa = PBXFileReference; lastKnownFileType = sourcecode.swift; path = StartMenu.swift; sourceTree = "<group>"; };
		C9ABC23E2A267DAD00D5D6E9 /* ButtonGameModelView.swift */ = {isa = PBXFileReference; lastKnownFileType = sourcecode.swift; path = ButtonGameModelView.swift; sourceTree = "<group>"; };
		C9ABC2402A267DBE00D5D6E9 /* Game.swift */ = {isa = PBXFileReference; lastKnownFileType = sourcecode.swift; path = Game.swift; sourceTree = "<group>"; };
		C9F92ADF2A29DD9900AF53CC /* customCorsivo.ttf */ = {isa = PBXFileReference; lastKnownFileType = file; path = customCorsivo.ttf; sourceTree = "<group>"; };
		C9F92AE12A29DDA700AF53CC /* customRegular.ttf */ = {isa = PBXFileReference; lastKnownFileType = file; path = customRegular.ttf; sourceTree = "<group>"; };
/* End PBXFileReference section */

/* Begin PBXFrameworksBuildPhase section */
		0A6732922A0B830300806FEA /* Frameworks */ = {
			isa = PBXFrameworksBuildPhase;
			buildActionMask = 2147483647;
			files = (
			);
			runOnlyForDeploymentPostprocessing = 0;
		};
		0A6732A72A0B830400806FEA /* Frameworks */ = {
			isa = PBXFrameworksBuildPhase;
			buildActionMask = 2147483647;
			files = (
			);
			runOnlyForDeploymentPostprocessing = 0;
		};
		0A6732B12A0B830400806FEA /* Frameworks */ = {
			isa = PBXFrameworksBuildPhase;
			buildActionMask = 2147483647;
			files = (
			);
			runOnlyForDeploymentPostprocessing = 0;
		};
/* End PBXFrameworksBuildPhase section */

/* Begin PBXGroup section */
		0A5A4CDF2A1387A800D7396D /* Model */ = {
			isa = PBXGroup;
			children = (
				0A6732A12A0B830400806FEA /* Persistence.swift */,
			);
			path = Model;
			sourceTree = "<group>";
		};
		0A67328C2A0B830300806FEA = {
			isa = PBXGroup;
			children = (
				0A6732972A0B830300806FEA /* MelogranoProject */,
				0A6732AD2A0B830400806FEA /* MelogranoProjectTests */,
				0A6732B72A0B830400806FEA /* MelogranoProjectUITests */,
				0A6732962A0B830300806FEA /* Products */,
			);
			sourceTree = "<group>";
		};
		0A6732962A0B830300806FEA /* Products */ = {
			isa = PBXGroup;
			children = (
				0A6732952A0B830300806FEA /* MelogranoProject.app */,
				0A6732AA2A0B830400806FEA /* MelogranoProjectTests.xctest */,
				0A6732B42A0B830400806FEA /* MelogranoProjectUITests.xctest */,
			);
			name = Products;
			sourceTree = "<group>";
		};
		0A6732972A0B830300806FEA /* MelogranoProject */ = {
			isa = PBXGroup;
			children = (
				0A6732982A0B830300806FEA /* MelogranoProjectApp.swift */,
				0A67329A2A0B830300806FEA /* ContentView.swift */,
				C99C52C82A28AC3B00105656 /* StartMenu.swift */,
				C9ABC23E2A267DAD00D5D6E9 /* ButtonGameModelView.swift */,
				C9ABC2402A267DBE00D5D6E9 /* Game.swift */,
				0AEC856C2A128FCE0051DAC4 /* On Boarding */,
				C94227FE2A265E390019A550 /* GameOne */,
				0A72FD122A2739AE00073F85 /* GameTwo */,
				0A72FD272A273AF800073F85 /* GameMemory */,
				C97DE1582A1D231D00BB7298 /* BALLS GAME */,
				13FD071F2A13784F0023539C /* Json */,
				0A5A4CDF2A1387A800D7396D /* Model */,
				C9F92ADF2A29DD9900AF53CC /* customCorsivo.ttf */,
				C9F92AE12A29DDA700AF53CC /* customRegular.ttf */,
				0A67329C2A0B830400806FEA /* Assets.xcassets */,
				C92CF2E22A1B503B00AAF385 /* Sound */,
				0A6732A32A0B830400806FEA /* MelogranoProject.xcdatamodeld */,
				0A67329E2A0B830400806FEA /* Preview Content */,
			);
			path = MelogranoProject;
			sourceTree = "<group>";
		};
		0A67329E2A0B830400806FEA /* Preview Content */ = {
			isa = PBXGroup;
			children = (
				0A67329F2A0B830400806FEA /* Preview Assets.xcassets */,
			);
			path = "Preview Content";
			sourceTree = "<group>";
		};
		0A6732AD2A0B830400806FEA /* MelogranoProjectTests */ = {
			isa = PBXGroup;
			children = (
				0A6732AE2A0B830400806FEA /* MelogranoProjectTests.swift */,
			);
			path = MelogranoProjectTests;
			sourceTree = "<group>";
		};
		0A6732B72A0B830400806FEA /* MelogranoProjectUITests */ = {
			isa = PBXGroup;
			children = (
				0A6732B82A0B830400806FEA /* MelogranoProjectUITests.swift */,
				0A6732BA2A0B830400806FEA /* MelogranoProjectUITestsLaunchTests.swift */,
			);
			path = MelogranoProjectUITests;
			sourceTree = "<group>";
		};
		0A72FD122A2739AE00073F85 /* GameTwo */ = {
			isa = PBXGroup;
			children = (
				0A72FD732A2752DD00073F85 /* GameTwoView.swift */,
				0A72FD752A2752F300073F85 /* CardOrderViewGameTwo.swift */,
				0A72FD772A27530400073F85 /* CardGameTwoView.swift */,
				0A72FD792A27531300073F85 /* WorldCard.swift */,
				0A72FD7B2A27531E00073F85 /* CardGameTwo.swift */,
				0A72FD7D2A27533100073F85 /* ModelGameTwo.swift */,
			);
			name = GameTwo;
			path = MelogranoProject/GameTwo;
			sourceTree = SOURCE_ROOT;
		};
		0A72FD272A273AF800073F85 /* GameMemory */ = {
			isa = PBXGroup;
			children = (
				0A72FD222A273AE300073F85 /* CardMemory.swift */,
				0A72FD212A273AE300073F85 /* CardMemoryGameView.swift */,
				0A72FD202A273AE300073F85 /* CardView.swift */,
				0A72FD1F2A273AE300073F85 /* GameMemoryModel.swift */,
			);
			name = GameMemory;
			sourceTree = "<group>";
		};
		0AEC856C2A128FCE0051DAC4 /* On Boarding */ = {
			isa = PBXGroup;
			children = (
				0A73F62B2A2E29C800959F41 /* Modale.swift */,
				0A73F62D2A2E29D000959F41 /* OnBoardingFirst.swift */,
				0AEC85752A1290350051DAC4 /* OnBoardingManager.swift */,
				0AEC85732A1290210051DAC4 /* OnBoardingFourth.swift */,
			);
			path = "On Boarding";
			sourceTree = "<group>";
		};
		13FD071F2A13784F0023539C /* Json */ = {
			isa = PBXGroup;
			children = (
				C950A9302A14A4C8005DFE2D /* MemoryCards.geojson */,
				C950A92C2A149FFF005DFE2D /* Game1.geojson */,
				13FD072F2A14C2BC0023539C /* Game1.2.geojson */,
				13FD07302A14C2CC0023539C /* Game1.3.geojson */,
				13FD072A2A14C22E0023539C /* Game2.geojson */,
				13FD072B2A14C2550023539C /* Game2.2.geojson */,
				13FD072C2A14C26A0023539C /* Game2.3.geojson */,
				0ADDF04A2A1CB5BB005BDE6A /* Game3.geojson */,
				0ADDF04B2A1CB5D5005BDE6A /* Game3.2.geojson */,
				0ADDF04C2A1CB5E5005BDE6A /* Game3.3.geojson */,
			);
			path = Json;
			sourceTree = "<group>";
		};
		C92CF2E22A1B503B00AAF385 /* Sound */ = {
			isa = PBXGroup;
			children = (
				13ED4CA12A2489D8009CF732 /* menu.mp3 */,
				C92CF2E32A1B507000AAF385 /* notifica.mp3 */,
			);
			name = Sound;
			path = "On Boarding/Sound";
			sourceTree = "<group>";
		};
		C94227FE2A265E390019A550 /* GameOne */ = {
			isa = PBXGroup;
			children = (
				C94227FF2A265E590019A550 /* GameOneView.swift */,
				C94228012A265E810019A550 /* CardGameOne.swift */,
				C94228032A265EB10019A550 /* CardGameOneView.swift */,
				C94228052A265ED10019A550 /* ModelGameOne.swift */,
				C94228072A265EF00019A550 /* CardOrderViewGameOne.swift */,
			);
			name = GameOne;
			sourceTree = "<group>";
		};
		C97DE1582A1D231D00BB7298 /* BALLS GAME */ = {
			isa = PBXGroup;
			children = (
				C91DC2932A13C66C00FA8329 /* BallsView.swift */,
				C91DC2912A13C65800FA8329 /* ContentViewBallsLevel1.swift */,
				C97DE1522A1D215000BB7298 /* ContentViewBallsLevel2.swift */,
				C97DE1542A1D217E00BB7298 /* ContentViewBallsLevel3.swift */,
				C97DE1562A1D21B000BB7298 /* BallsGameMenuLevel.swift */,
			);
			path = "BALLS GAME";
			sourceTree = "<group>";
		};
/* End PBXGroup section */

/* Begin PBXNativeTarget section */
		0A6732942A0B830300806FEA /* MelogranoProject */ = {
			isa = PBXNativeTarget;
			buildConfigurationList = 0A6732BE2A0B830400806FEA /* Build configuration list for PBXNativeTarget "MelogranoProject" */;
			buildPhases = (
				0A6732912A0B830300806FEA /* Sources */,
				0A6732922A0B830300806FEA /* Frameworks */,
				0A6732932A0B830300806FEA /* Resources */,
			);
			buildRules = (
			);
			dependencies = (
			);
			name = MelogranoProject;
			packageProductDependencies = (
			);
			productName = MelogranoProject;
			productReference = 0A6732952A0B830300806FEA /* MelogranoProject.app */;
			productType = "com.apple.product-type.application";
		};
		0A6732A92A0B830400806FEA /* MelogranoProjectTests */ = {
			isa = PBXNativeTarget;
			buildConfigurationList = 0A6732C12A0B830400806FEA /* Build configuration list for PBXNativeTarget "MelogranoProjectTests" */;
			buildPhases = (
				0A6732A62A0B830400806FEA /* Sources */,
				0A6732A72A0B830400806FEA /* Frameworks */,
				0A6732A82A0B830400806FEA /* Resources */,
			);
			buildRules = (
			);
			dependencies = (
				0A6732AC2A0B830400806FEA /* PBXTargetDependency */,
			);
			name = MelogranoProjectTests;
			productName = MelogranoProjectTests;
			productReference = 0A6732AA2A0B830400806FEA /* MelogranoProjectTests.xctest */;
			productType = "com.apple.product-type.bundle.unit-test";
		};
		0A6732B32A0B830400806FEA /* MelogranoProjectUITests */ = {
			isa = PBXNativeTarget;
			buildConfigurationList = 0A6732C42A0B830400806FEA /* Build configuration list for PBXNativeTarget "MelogranoProjectUITests" */;
			buildPhases = (
				0A6732B02A0B830400806FEA /* Sources */,
				0A6732B12A0B830400806FEA /* Frameworks */,
				0A6732B22A0B830400806FEA /* Resources */,
			);
			buildRules = (
			);
			dependencies = (
				0A6732B62A0B830400806FEA /* PBXTargetDependency */,
			);
			name = MelogranoProjectUITests;
			productName = MelogranoProjectUITests;
			productReference = 0A6732B42A0B830400806FEA /* MelogranoProjectUITests.xctest */;
			productType = "com.apple.product-type.bundle.ui-testing";
		};
/* End PBXNativeTarget section */

/* Begin PBXProject section */
		0A67328D2A0B830300806FEA /* Project object */ = {
			isa = PBXProject;
			attributes = {
				BuildIndependentTargetsInParallel = 1;
				LastSwiftUpdateCheck = 1430;
				LastUpgradeCheck = 1430;
				TargetAttributes = {
					0A6732942A0B830300806FEA = {
						CreatedOnToolsVersion = 14.3;
					};
					0A6732A92A0B830400806FEA = {
						CreatedOnToolsVersion = 14.3;
						TestTargetID = 0A6732942A0B830300806FEA;
					};
					0A6732B32A0B830400806FEA = {
						CreatedOnToolsVersion = 14.3;
						TestTargetID = 0A6732942A0B830300806FEA;
					};
				};
			};
			buildConfigurationList = 0A6732902A0B830300806FEA /* Build configuration list for PBXProject "MelogranoProject" */;
			compatibilityVersion = "Xcode 14.0";
			developmentRegion = en;
			hasScannedForEncodings = 0;
			knownRegions = (
				en,
				Base,
			);
			mainGroup = 0A67328C2A0B830300806FEA;
			packageReferences = (
			);
			productRefGroup = 0A6732962A0B830300806FEA /* Products */;
			projectDirPath = "";
			projectRoot = "";
			targets = (
				0A6732942A0B830300806FEA /* MelogranoProject */,
				0A6732A92A0B830400806FEA /* MelogranoProjectTests */,
				0A6732B32A0B830400806FEA /* MelogranoProjectUITests */,
			);
		};
/* End PBXProject section */

/* Begin PBXResourcesBuildPhase section */
		0A6732932A0B830300806FEA /* Resources */ = {
			isa = PBXResourcesBuildPhase;
			buildActionMask = 2147483647;
			files = (
				0ADDF0542A1CB8A6005BDE6A /* Game3.3.geojson in Resources */,
				0ADDF04D2A1CB836005BDE6A /* Game2.geojson in Resources */,
				C9F92AE22A29DDA700AF53CC /* customRegular.ttf in Resources */,
				0ADDF0512A1CB855005BDE6A /* Game1.2.geojson in Resources */,
				0ADDF04E2A1CB84D005BDE6A /* Game2.2.geojson in Resources */,
				0ADDF0532A1CB8A4005BDE6A /* Game3.2.geojson in Resources */,
				0ADDF0522A1CB85B005BDE6A /* Game3.geojson in Resources */,
				C950A9312A14A4CD005DFE2D /* MemoryCards.geojson in Resources */,
				C950A92D2A149FFF005DFE2D /* Game1.geojson in Resources */,
				0A6732A02A0B830400806FEA /* Preview Assets.xcassets in Resources */,
				C9F92AE02A29DD9900AF53CC /* customCorsivo.ttf in Resources */,
				0ADDF0502A1CB852005BDE6A /* Game1.3.geojson in Resources */,
				13ED4CA22A2489D8009CF732 /* menu.mp3 in Resources */,
				C92CF2E42A1B507000AAF385 /* notifica.mp3 in Resources */,
				0A67329D2A0B830400806FEA /* Assets.xcassets in Resources */,
				0ADDF04F2A1CB84F005BDE6A /* Game2.3.geojson in Resources */,
			);
			runOnlyForDeploymentPostprocessing = 0;
		};
		0A6732A82A0B830400806FEA /* Resources */ = {
			isa = PBXResourcesBuildPhase;
			buildActionMask = 2147483647;
			files = (
			);
			runOnlyForDeploymentPostprocessing = 0;
		};
		0A6732B22A0B830400806FEA /* Resources */ = {
			isa = PBXResourcesBuildPhase;
			buildActionMask = 2147483647;
			files = (
			);
			runOnlyForDeploymentPostprocessing = 0;
		};
/* End PBXResourcesBuildPhase section */

/* Begin PBXSourcesBuildPhase section */
		0A6732912A0B830300806FEA /* Sources */ = {
			isa = PBXSourcesBuildPhase;
			buildActionMask = 2147483647;
			files = (
				C97DE1552A1D217E00BB7298 /* ContentViewBallsLevel3.swift in Sources */,
				0A6732A52A0B830400806FEA /* MelogranoProject.xcdatamodeld in Sources */,
				0A72FD232A273AE300073F85 /* GameMemoryModel.swift in Sources */,
				C97DE1532A1D215000BB7298 /* ContentViewBallsLevel2.swift in Sources */,
				0A6732A22A0B830400806FEA /* Persistence.swift in Sources */,
				0A72FD7A2A27531300073F85 /* WorldCard.swift in Sources */,
				C9ABC23F2A267DAD00D5D6E9 /* ButtonGameModelView.swift in Sources */,
				0A67329B2A0B830300806FEA /* ContentView.swift in Sources */,
				0A72FD742A2752DD00073F85 /* GameTwoView.swift in Sources */,
				0A72FD7E2A27533100073F85 /* ModelGameTwo.swift in Sources */,
				C91DC2922A13C65800FA8329 /* ContentViewBallsLevel1.swift in Sources */,
				0A72FD252A273AE300073F85 /* CardView.swift in Sources */,
				0A72FD262A273AE300073F85 /* CardMemoryGameView.swift in Sources */,
				0A73F62E2A2E29D000959F41 /* OnBoardingFirst.swift in Sources */,
				0A6732992A0B830300806FEA /* MelogranoProjectApp.swift in Sources */,
				0AEC85742A1290210051DAC4 /* OnBoardingFourth.swift in Sources */,
				C91DC2942A13C66C00FA8329 /* BallsView.swift in Sources */,
				0AEC85762A1290350051DAC4 /* OnBoardingManager.swift in Sources */,
				0A72FD762A2752F300073F85 /* CardOrderViewGameTwo.swift in Sources */,
				0A72FD242A273AE300073F85 /* CardMemory.swift in Sources */,
				C94228062A265ED10019A550 /* ModelGameOne.swift in Sources */,
				0A72FD782A27530400073F85 /* CardGameTwoView.swift in Sources */,
				C94228002A265E590019A550 /* GameOneView.swift in Sources */,
				C99C52C92A28AC3B00105656 /* StartMenu.swift in Sources */,
				C94228022A265E810019A550 /* CardGameOne.swift in Sources */,
				0A73F62C2A2E29C800959F41 /* Modale.swift in Sources */,
				C94228082A265EF00019A550 /* CardOrderViewGameOne.swift in Sources */,
				0A72FD7C2A27531E00073F85 /* CardGameTwo.swift in Sources */,
				C97DE1572A1D21B000BB7298 /* BallsGameMenuLevel.swift in Sources */,
				C9ABC2412A267DBE00D5D6E9 /* Game.swift in Sources */,
				C94228042A265EB10019A550 /* CardGameOneView.swift in Sources */,
			);
			runOnlyForDeploymentPostprocessing = 0;
		};
		0A6732A62A0B830400806FEA /* Sources */ = {
			isa = PBXSourcesBuildPhase;
			buildActionMask = 2147483647;
			files = (
				0A6732AF2A0B830400806FEA /* MelogranoProjectTests.swift in Sources */,
			);
			runOnlyForDeploymentPostprocessing = 0;
		};
		0A6732B02A0B830400806FEA /* Sources */ = {
			isa = PBXSourcesBuildPhase;
			buildActionMask = 2147483647;
			files = (
				0A6732B92A0B830400806FEA /* MelogranoProjectUITests.swift in Sources */,
				0A6732BB2A0B830400806FEA /* MelogranoProjectUITestsLaunchTests.swift in Sources */,
			);
			runOnlyForDeploymentPostprocessing = 0;
		};
/* End PBXSourcesBuildPhase section */

/* Begin PBXTargetDependency section */
		0A6732AC2A0B830400806FEA /* PBXTargetDependency */ = {
			isa = PBXTargetDependency;
			target = 0A6732942A0B830300806FEA /* MelogranoProject */;
			targetProxy = 0A6732AB2A0B830400806FEA /* PBXContainerItemProxy */;
		};
		0A6732B62A0B830400806FEA /* PBXTargetDependency */ = {
			isa = PBXTargetDependency;
			target = 0A6732942A0B830300806FEA /* MelogranoProject */;
			targetProxy = 0A6732B52A0B830400806FEA /* PBXContainerItemProxy */;
		};
/* End PBXTargetDependency section */

/* Begin XCBuildConfiguration section */
		0A6732BC2A0B830400806FEA /* Debug */ = {
			isa = XCBuildConfiguration;
			buildSettings = {
				ALWAYS_SEARCH_USER_PATHS = NO;
				CLANG_ANALYZER_NONNULL = YES;
				CLANG_ANALYZER_NUMBER_OBJECT_CONVERSION = YES_AGGRESSIVE;
				CLANG_CXX_LANGUAGE_STANDARD = "gnu++20";
				CLANG_ENABLE_MODULES = YES;
				CLANG_ENABLE_OBJC_ARC = YES;
				CLANG_ENABLE_OBJC_WEAK = YES;
				CLANG_WARN_BLOCK_CAPTURE_AUTORELEASING = YES;
				CLANG_WARN_BOOL_CONVERSION = YES;
				CLANG_WARN_COMMA = YES;
				CLANG_WARN_CONSTANT_CONVERSION = YES;
				CLANG_WARN_DEPRECATED_OBJC_IMPLEMENTATIONS = YES;
				CLANG_WARN_DIRECT_OBJC_ISA_USAGE = YES_ERROR;
				CLANG_WARN_DOCUMENTATION_COMMENTS = YES;
				CLANG_WARN_EMPTY_BODY = YES;
				CLANG_WARN_ENUM_CONVERSION = YES;
				CLANG_WARN_INFINITE_RECURSION = YES;
				CLANG_WARN_INT_CONVERSION = YES;
				CLANG_WARN_NON_LITERAL_NULL_CONVERSION = YES;
				CLANG_WARN_OBJC_IMPLICIT_RETAIN_SELF = YES;
				CLANG_WARN_OBJC_LITERAL_CONVERSION = YES;
				CLANG_WARN_OBJC_ROOT_CLASS = YES_ERROR;
				CLANG_WARN_QUOTED_INCLUDE_IN_FRAMEWORK_HEADER = YES;
				CLANG_WARN_RANGE_LOOP_ANALYSIS = YES;
				CLANG_WARN_STRICT_PROTOTYPES = YES;
				CLANG_WARN_SUSPICIOUS_MOVE = YES;
				CLANG_WARN_UNGUARDED_AVAILABILITY = YES_AGGRESSIVE;
				CLANG_WARN_UNREACHABLE_CODE = YES;
				CLANG_WARN__DUPLICATE_METHOD_MATCH = YES;
				COPY_PHASE_STRIP = NO;
				DEBUG_INFORMATION_FORMAT = dwarf;
				ENABLE_STRICT_OBJC_MSGSEND = YES;
				ENABLE_TESTABILITY = YES;
				GCC_C_LANGUAGE_STANDARD = gnu11;
				GCC_DYNAMIC_NO_PIC = NO;
				GCC_NO_COMMON_BLOCKS = YES;
				GCC_OPTIMIZATION_LEVEL = 0;
				GCC_PREPROCESSOR_DEFINITIONS = (
					"DEBUG=1",
					"$(inherited)",
				);
				GCC_WARN_64_TO_32_BIT_CONVERSION = YES;
				GCC_WARN_ABOUT_RETURN_TYPE = YES_ERROR;
				GCC_WARN_UNDECLARED_SELECTOR = YES;
				GCC_WARN_UNINITIALIZED_AUTOS = YES_AGGRESSIVE;
				GCC_WARN_UNUSED_FUNCTION = YES;
				GCC_WARN_UNUSED_VARIABLE = YES;
				IPHONEOS_DEPLOYMENT_TARGET = 16.4;
				MTL_ENABLE_DEBUG_INFO = INCLUDE_SOURCE;
				MTL_FAST_MATH = YES;
				ONLY_ACTIVE_ARCH = YES;
				SDKROOT = iphoneos;
				SWIFT_ACTIVE_COMPILATION_CONDITIONS = DEBUG;
				SWIFT_OPTIMIZATION_LEVEL = "-Onone";
			};
			name = Debug;
		};
		0A6732BD2A0B830400806FEA /* Release */ = {
			isa = XCBuildConfiguration;
			buildSettings = {
				ALWAYS_SEARCH_USER_PATHS = NO;
				CLANG_ANALYZER_NONNULL = YES;
				CLANG_ANALYZER_NUMBER_OBJECT_CONVERSION = YES_AGGRESSIVE;
				CLANG_CXX_LANGUAGE_STANDARD = "gnu++20";
				CLANG_ENABLE_MODULES = YES;
				CLANG_ENABLE_OBJC_ARC = YES;
				CLANG_ENABLE_OBJC_WEAK = YES;
				CLANG_WARN_BLOCK_CAPTURE_AUTORELEASING = YES;
				CLANG_WARN_BOOL_CONVERSION = YES;
				CLANG_WARN_COMMA = YES;
				CLANG_WARN_CONSTANT_CONVERSION = YES;
				CLANG_WARN_DEPRECATED_OBJC_IMPLEMENTATIONS = YES;
				CLANG_WARN_DIRECT_OBJC_ISA_USAGE = YES_ERROR;
				CLANG_WARN_DOCUMENTATION_COMMENTS = YES;
				CLANG_WARN_EMPTY_BODY = YES;
				CLANG_WARN_ENUM_CONVERSION = YES;
				CLANG_WARN_INFINITE_RECURSION = YES;
				CLANG_WARN_INT_CONVERSION = YES;
				CLANG_WARN_NON_LITERAL_NULL_CONVERSION = YES;
				CLANG_WARN_OBJC_IMPLICIT_RETAIN_SELF = YES;
				CLANG_WARN_OBJC_LITERAL_CONVERSION = YES;
				CLANG_WARN_OBJC_ROOT_CLASS = YES_ERROR;
				CLANG_WARN_QUOTED_INCLUDE_IN_FRAMEWORK_HEADER = YES;
				CLANG_WARN_RANGE_LOOP_ANALYSIS = YES;
				CLANG_WARN_STRICT_PROTOTYPES = YES;
				CLANG_WARN_SUSPICIOUS_MOVE = YES;
				CLANG_WARN_UNGUARDED_AVAILABILITY = YES_AGGRESSIVE;
				CLANG_WARN_UNREACHABLE_CODE = YES;
				CLANG_WARN__DUPLICATE_METHOD_MATCH = YES;
				COPY_PHASE_STRIP = NO;
				DEBUG_INFORMATION_FORMAT = "dwarf-with-dsym";
				ENABLE_NS_ASSERTIONS = NO;
				ENABLE_STRICT_OBJC_MSGSEND = YES;
				GCC_C_LANGUAGE_STANDARD = gnu11;
				GCC_NO_COMMON_BLOCKS = YES;
				GCC_WARN_64_TO_32_BIT_CONVERSION = YES;
				GCC_WARN_ABOUT_RETURN_TYPE = YES_ERROR;
				GCC_WARN_UNDECLARED_SELECTOR = YES;
				GCC_WARN_UNINITIALIZED_AUTOS = YES_AGGRESSIVE;
				GCC_WARN_UNUSED_FUNCTION = YES;
				GCC_WARN_UNUSED_VARIABLE = YES;
				IPHONEOS_DEPLOYMENT_TARGET = 16.4;
				MTL_ENABLE_DEBUG_INFO = NO;
				MTL_FAST_MATH = YES;
				SDKROOT = iphoneos;
				SWIFT_COMPILATION_MODE = wholemodule;
				SWIFT_OPTIMIZATION_LEVEL = "-O";
				VALIDATE_PRODUCT = YES;
			};
			name = Release;
		};
		0A6732BF2A0B830400806FEA /* Debug */ = {
			isa = XCBuildConfiguration;
			buildSettings = {
				ASSETCATALOG_COMPILER_APPICON_NAME = AppIcon;
				ASSETCATALOG_COMPILER_GLOBAL_ACCENT_COLOR_NAME = AccentColor;
				CODE_SIGN_STYLE = Automatic;
				CURRENT_PROJECT_VERSION = 1;
				DEVELOPMENT_ASSET_PATHS = "\"MelogranoProject/Preview Content\"";
				DEVELOPMENT_TEAM = 7UYK6M3ATF;
				ENABLE_PREVIEWS = YES;
				GENERATE_INFOPLIST_FILE = YES;
				INFOPLIST_FILE = MelogranoProject/Info.plist;
				INFOPLIST_KEY_LSApplicationCategoryType = "";
				INFOPLIST_KEY_UIApplicationSceneManifest_Generation = YES;
				INFOPLIST_KEY_UIApplicationSupportsIndirectInputEvents = YES;
				INFOPLIST_KEY_UILaunchScreen_Generation = YES;
				INFOPLIST_KEY_UIRequiresFullScreen = YES;
				INFOPLIST_KEY_UISupportedInterfaceOrientations = UIInterfaceOrientationLandscapeLeft;
				INFOPLIST_KEY_UISupportedInterfaceOrientations_iPad = "UIInterfaceOrientationLandscapeLeft UIInterfaceOrientationLandscapeRight UIInterfaceOrientationPortrait UIInterfaceOrientationPortraitUpsideDown";
				IPHONEOS_DEPLOYMENT_TARGET = 16.1;
				LD_RUNPATH_SEARCH_PATHS = (
					"$(inherited)",
					"@executable_path/Frameworks",
				);
				MARKETING_VERSION = 1.0;
				PRODUCT_BUNDLE_IDENTIFIER = com.giuseppeiodice.MelogranoProject;
				PRODUCT_NAME = "$(TARGET_NAME)";
				SUPPORTED_PLATFORMS = "iphoneos iphonesimulator";
				SUPPORTS_MACCATALYST = NO;
				SUPPORTS_MAC_DESIGNED_FOR_IPHONE_IPAD = NO;
				SWIFT_EMIT_LOC_STRINGS = YES;
				SWIFT_VERSION = 5.0;
				TARGETED_DEVICE_FAMILY = 2;
			};
			name = Debug;
		};
		0A6732C02A0B830400806FEA /* Release */ = {
			isa = XCBuildConfiguration;
			buildSettings = {
				ASSETCATALOG_COMPILER_APPICON_NAME = AppIcon;
				ASSETCATALOG_COMPILER_GLOBAL_ACCENT_COLOR_NAME = AccentColor;
				CODE_SIGN_STYLE = Automatic;
				CURRENT_PROJECT_VERSION = 1;
				DEVELOPMENT_ASSET_PATHS = "\"MelogranoProject/Preview Content\"";
				DEVELOPMENT_TEAM = 7UYK6M3ATF;
				ENABLE_PREVIEWS = YES;
				GENERATE_INFOPLIST_FILE = YES;
				INFOPLIST_FILE = MelogranoProject/Info.plist;
				INFOPLIST_KEY_LSApplicationCategoryType = "";
				INFOPLIST_KEY_UIApplicationSceneManifest_Generation = YES;
				INFOPLIST_KEY_UIApplicationSupportsIndirectInputEvents = YES;
				INFOPLIST_KEY_UILaunchScreen_Generation = YES;
				INFOPLIST_KEY_UIRequiresFullScreen = YES;
				INFOPLIST_KEY_UISupportedInterfaceOrientations = UIInterfaceOrientationLandscapeLeft;
				INFOPLIST_KEY_UISupportedInterfaceOrientations_iPad = "UIInterfaceOrientationLandscapeLeft UIInterfaceOrientationLandscapeRight UIInterfaceOrientationPortrait UIInterfaceOrientationPortraitUpsideDown";
				IPHONEOS_DEPLOYMENT_TARGET = 16.1;
				LD_RUNPATH_SEARCH_PATHS = (
					"$(inherited)",
					"@executable_path/Frameworks",
				);
				MARKETING_VERSION = 1.0;
				PRODUCT_BUNDLE_IDENTIFIER = com.giuseppeiodice.MelogranoProject;
				PRODUCT_NAME = "$(TARGET_NAME)";
				SUPPORTED_PLATFORMS = "iphoneos iphonesimulator";
				SUPPORTS_MACCATALYST = NO;
				SUPPORTS_MAC_DESIGNED_FOR_IPHONE_IPAD = NO;
				SWIFT_EMIT_LOC_STRINGS = YES;
				SWIFT_VERSION = 5.0;
				TARGETED_DEVICE_FAMILY = 2;
			};
			name = Release;
		};
		0A6732C22A0B830400806FEA /* Debug */ = {
			isa = XCBuildConfiguration;
			buildSettings = {
				ALWAYS_EMBED_SWIFT_STANDARD_LIBRARIES = YES;
				BUNDLE_LOADER = "$(TEST_HOST)";
				CODE_SIGN_STYLE = Automatic;
				CURRENT_PROJECT_VERSION = 1;
				DEVELOPMENT_TEAM = 4LS82UK5QS;
				GENERATE_INFOPLIST_FILE = YES;
				IPHONEOS_DEPLOYMENT_TARGET = 16.4;
				MARKETING_VERSION = 1.0;
				PRODUCT_BUNDLE_IDENTIFIER = com.giuseppeiodice.MelogranoProjectTests;
				PRODUCT_NAME = "$(TARGET_NAME)";
				SWIFT_EMIT_LOC_STRINGS = NO;
				SWIFT_VERSION = 5.0;
				TARGETED_DEVICE_FAMILY = "1,2";
				TEST_HOST = "$(BUILT_PRODUCTS_DIR)/MelogranoProject.app/$(BUNDLE_EXECUTABLE_FOLDER_PATH)/MelogranoProject";
			};
			name = Debug;
		};
		0A6732C32A0B830400806FEA /* Release */ = {
			isa = XCBuildConfiguration;
			buildSettings = {
				ALWAYS_EMBED_SWIFT_STANDARD_LIBRARIES = YES;
				BUNDLE_LOADER = "$(TEST_HOST)";
				CODE_SIGN_STYLE = Automatic;
				CURRENT_PROJECT_VERSION = 1;
				DEVELOPMENT_TEAM = 4LS82UK5QS;
				GENERATE_INFOPLIST_FILE = YES;
				IPHONEOS_DEPLOYMENT_TARGET = 16.4;
				MARKETING_VERSION = 1.0;
				PRODUCT_BUNDLE_IDENTIFIER = com.giuseppeiodice.MelogranoProjectTests;
				PRODUCT_NAME = "$(TARGET_NAME)";
				SWIFT_EMIT_LOC_STRINGS = NO;
				SWIFT_VERSION = 5.0;
				TARGETED_DEVICE_FAMILY = "1,2";
				TEST_HOST = "$(BUILT_PRODUCTS_DIR)/MelogranoProject.app/$(BUNDLE_EXECUTABLE_FOLDER_PATH)/MelogranoProject";
			};
			name = Release;
		};
		0A6732C52A0B830400806FEA /* Debug */ = {
			isa = XCBuildConfiguration;
			buildSettings = {
				ALWAYS_EMBED_SWIFT_STANDARD_LIBRARIES = YES;
				CODE_SIGN_STYLE = Automatic;
				CURRENT_PROJECT_VERSION = 1;
				DEVELOPMENT_TEAM = 4LS82UK5QS;
				GENERATE_INFOPLIST_FILE = YES;
				MARKETING_VERSION = 1.0;
				PRODUCT_BUNDLE_IDENTIFIER = com.giuseppeiodice.MelogranoProjectUITests;
				PRODUCT_NAME = "$(TARGET_NAME)";
				SWIFT_EMIT_LOC_STRINGS = NO;
				SWIFT_VERSION = 5.0;
				TARGETED_DEVICE_FAMILY = "1,2";
				TEST_TARGET_NAME = MelogranoProject;
			};
			name = Debug;
		};
		0A6732C62A0B830400806FEA /* Release */ = {
			isa = XCBuildConfiguration;
			buildSettings = {
				ALWAYS_EMBED_SWIFT_STANDARD_LIBRARIES = YES;
				CODE_SIGN_STYLE = Automatic;
				CURRENT_PROJECT_VERSION = 1;
				DEVELOPMENT_TEAM = 4LS82UK5QS;
				GENERATE_INFOPLIST_FILE = YES;
				MARKETING_VERSION = 1.0;
				PRODUCT_BUNDLE_IDENTIFIER = com.giuseppeiodice.MelogranoProjectUITests;
				PRODUCT_NAME = "$(TARGET_NAME)";
				SWIFT_EMIT_LOC_STRINGS = NO;
				SWIFT_VERSION = 5.0;
				TARGETED_DEVICE_FAMILY = "1,2";
				TEST_TARGET_NAME = MelogranoProject;
			};
			name = Release;
		};
/* End XCBuildConfiguration section */

/* Begin XCConfigurationList section */
		0A6732902A0B830300806FEA /* Build configuration list for PBXProject "MelogranoProject" */ = {
			isa = XCConfigurationList;
			buildConfigurations = (
				0A6732BC2A0B830400806FEA /* Debug */,
				0A6732BD2A0B830400806FEA /* Release */,
			);
			defaultConfigurationIsVisible = 0;
			defaultConfigurationName = Release;
		};
		0A6732BE2A0B830400806FEA /* Build configuration list for PBXNativeTarget "MelogranoProject" */ = {
			isa = XCConfigurationList;
			buildConfigurations = (
				0A6732BF2A0B830400806FEA /* Debug */,
				0A6732C02A0B830400806FEA /* Release */,
			);
			defaultConfigurationIsVisible = 0;
			defaultConfigurationName = Release;
		};
		0A6732C12A0B830400806FEA /* Build configuration list for PBXNativeTarget "MelogranoProjectTests" */ = {
			isa = XCConfigurationList;
			buildConfigurations = (
				0A6732C22A0B830400806FEA /* Debug */,
				0A6732C32A0B830400806FEA /* Release */,
			);
			defaultConfigurationIsVisible = 0;
			defaultConfigurationName = Release;
		};
		0A6732C42A0B830400806FEA /* Build configuration list for PBXNativeTarget "MelogranoProjectUITests" */ = {
			isa = XCConfigurationList;
			buildConfigurations = (
				0A6732C52A0B830400806FEA /* Debug */,
				0A6732C62A0B830400806FEA /* Release */,
			);
			defaultConfigurationIsVisible = 0;
			defaultConfigurationName = Release;
		};
/* End XCConfigurationList section */

/* Begin XCVersionGroup section */
		0A6732A32A0B830400806FEA /* MelogranoProject.xcdatamodeld */ = {
			isa = XCVersionGroup;
			children = (
				0A6732A42A0B830400806FEA /* MelogranoProject.xcdatamodel */,
			);
			currentVersion = 0A6732A42A0B830400806FEA /* MelogranoProject.xcdatamodel */;
			path = MelogranoProject.xcdatamodeld;
			sourceTree = "<group>";
			versionGroupType = wrapper.xcdatamodel;
		};
/* End XCVersionGroup section */
	};
	rootObject = 0A67328D2A0B830300806FEA /* Project object */;
}
