// !$*UTF8*$!
{
	archiveVersion = 1;
	classes = {
	};
	objectVersion = 56;
	objects = {

/* Begin PBXBuildFile section */
		0A12FAC32A38557E001B0DA1 /* ColorExtention.swift in Sources */ = {isa = PBXBuildFile; fileRef = 0A12FAC22A38557E001B0DA1 /* ColorExtention.swift */; };
		0A6732992A0B830300806FEA /* MelogranoProjectApp.swift in Sources */ = {isa = PBXBuildFile; fileRef = 0A6732982A0B830300806FEA /* MelogranoProjectApp.swift */; };
		0A67329B2A0B830300806FEA /* ContentView.swift in Sources */ = {isa = PBXBuildFile; fileRef = 0A67329A2A0B830300806FEA /* ContentView.swift */; };
		0A67329D2A0B830400806FEA /* Assets.xcassets in Resources */ = {isa = PBXBuildFile; fileRef = 0A67329C2A0B830400806FEA /* Assets.xcassets */; };
		0A6732A02A0B830400806FEA /* Preview Assets.xcassets in Resources */ = {isa = PBXBuildFile; fileRef = 0A67329F2A0B830400806FEA /* Preview Assets.xcassets */; };
		0A6732A22A0B830400806FEA /* Persistence.swift in Sources */ = {isa = PBXBuildFile; fileRef = 0A6732A12A0B830400806FEA /* Persistence.swift */; };
		0A6732A52A0B830400806FEA /* MelogranoProject.xcdatamodeld in Sources */ = {isa = PBXBuildFile; fileRef = 0A6732A32A0B830400806FEA /* MelogranoProject.xcdatamodeld */; };
		0A6732AF2A0B830400806FEA /* MelogranoProjectTests.swift in Sources */ = {isa = PBXBuildFile; fileRef = 0A6732AE2A0B830400806FEA /* MelogranoProjectTests.swift */; };
		0A6732B92A0B830400806FEA /* MelogranoProjectUITests.swift in Sources */ = {isa = PBXBuildFile; fileRef = 0A6732B82A0B830400806FEA /* MelogranoProjectUITests.swift */; };
		0A6732BB2A0B830400806FEA /* MelogranoProjectUITestsLaunchTests.swift in Sources */ = {isa = PBXBuildFile; fileRef = 0A6732BA2A0B830400806FEA /* MelogranoProjectUITestsLaunchTests.swift */; };
		0A72FD232A273AE300073F85 /* GameMemoryModel.swift in Sources */ = {isa = PBXBuildFile; fileRef = 0A72FD1F2A273AE300073F85 /* GameMemoryModel.swift */; };
		0A72FD242A273AE300073F85 /* CardMemory.swift in Sources */ = {isa = PBXBuildFile; fileRef = 0A72FD222A273AE300073F85 /* CardMemory.swift */; };
		0A72FD252A273AE300073F85 /* CardView.swift in Sources */ = {isa = PBXBuildFile; fileRef = 0A72FD202A273AE300073F85 /* CardView.swift */; };
		0A72FD262A273AE300073F85 /* CardMemoryGameView.swift in Sources */ = {isa = PBXBuildFile; fileRef = 0A72FD212A273AE300073F85 /* CardMemoryGameView.swift */; };
		0A72FD742A2752DD00073F85 /* GameTwoView.swift in Sources */ = {isa = PBXBuildFile; fileRef = 0A72FD732A2752DD00073F85 /* GameTwoView.swift */; };
		0A72FD762A2752F300073F85 /* CardOrderViewGameTwo.swift in Sources */ = {isa = PBXBuildFile; fileRef = 0A72FD752A2752F300073F85 /* CardOrderViewGameTwo.swift */; };
		0A72FD782A27530400073F85 /* CardGameTwoView.swift in Sources */ = {isa = PBXBuildFile; fileRef = 0A72FD772A27530400073F85 /* CardGameTwoView.swift */; };
		0A72FD7A2A27531300073F85 /* WorldCard.swift in Sources */ = {isa = PBXBuildFile; fileRef = 0A72FD792A27531300073F85 /* WorldCard.swift */; };
		0A72FD7C2A27531E00073F85 /* CardGameTwo.swift in Sources */ = {isa = PBXBuildFile; fileRef = 0A72FD7B2A27531E00073F85 /* CardGameTwo.swift */; };
		0A72FD7E2A27533100073F85 /* ModelGameTwo.swift in Sources */ = {isa = PBXBuildFile; fileRef = 0A72FD7D2A27533100073F85 /* ModelGameTwo.swift */; };
		0ADDF04D2A1CB836005BDE6A /* Game2.geojson in Resources */ = {isa = PBXBuildFile; fileRef = 13FD072A2A14C22E0023539C /* Game2.geojson */; };
		0ADDF04E2A1CB84D005BDE6A /* Game2.2.geojson in Resources */ = {isa = PBXBuildFile; fileRef = 13FD072B2A14C2550023539C /* Game2.2.geojson */; };
		0ADDF04F2A1CB84F005BDE6A /* Game2.3.geojson in Resources */ = {isa = PBXBuildFile; fileRef = 13FD072C2A14C26A0023539C /* Game2.3.geojson */; };
		0ADDF0502A1CB852005BDE6A /* Game1.3.geojson in Resources */ = {isa = PBXBuildFile; fileRef = 13FD07302A14C2CC0023539C /* Game1.3.geojson */; };
		0ADDF0512A1CB855005BDE6A /* Game1.2.geojson in Resources */ = {isa = PBXBuildFile; fileRef = 13FD072F2A14C2BC0023539C /* Game1.2.geojson */; };
		0ADDF0522A1CB85B005BDE6A /* Game3.geojson in Resources */ = {isa = PBXBuildFile; fileRef = 0ADDF04A2A1CB5BB005BDE6A /* Game3.geojson */; };
		0ADDF0532A1CB8A4005BDE6A /* Game3.2.geojson in Resources */ = {isa = PBXBuildFile; fileRef = 0ADDF04B2A1CB5D5005BDE6A /* Game3.2.geojson */; };
		0ADDF0542A1CB8A6005BDE6A /* Game3.3.geojson in Resources */ = {isa = PBXBuildFile; fileRef = 0ADDF04C2A1CB5E5005BDE6A /* Game3.3.geojson */; };
		13ED4CA22A2489D8009CF732 /* menu.mp3 in Resources */ = {isa = PBXBuildFile; fileRef = 13ED4CA12A2489D8009CF732 /* menu.mp3 */; };
		C91DC2942A13C66C00FA8329 /* BallsView.swift in Sources */ = {isa = PBXBuildFile; fileRef = C91DC2932A13C66C00FA8329 /* BallsView.swift */; };
		C92CF2E42A1B507000AAF385 /* notifica.mp3 in Resources */ = {isa = PBXBuildFile; fileRef = C92CF2E32A1B507000AAF385 /* notifica.mp3 */; };
		C94228002A265E590019A550 /* GameOneView.swift in Sources */ = {isa = PBXBuildFile; fileRef = C94227FF2A265E590019A550 /* GameOneView.swift */; };
		C94228022A265E810019A550 /* CardGameOne.swift in Sources */ = {isa = PBXBuildFile; fileRef = C94228012A265E810019A550 /* CardGameOne.swift */; };
		C94228042A265EB10019A550 /* CardGameOneView.swift in Sources */ = {isa = PBXBuildFile; fileRef = C94228032A265EB10019A550 /* CardGameOneView.swift */; };
		C94228062A265ED10019A550 /* ModelGameOne.swift in Sources */ = {isa = PBXBuildFile; fileRef = C94228052A265ED10019A550 /* ModelGameOne.swift */; };
		C94228082A265EF00019A550 /* CardOrderViewGameOne.swift in Sources */ = {isa = PBXBuildFile; fileRef = C94228072A265EF00019A550 /* CardOrderViewGameOne.swift */; };
		C9446EDA2A3650D100CA20B1 /* ColoreBottone.swift in Sources */ = {isa = PBXBuildFile; fileRef = C9446ED92A3650D100CA20B1 /* ColoreBottone.swift */; };
		C950A92D2A149FFF005DFE2D /* Game1.geojson in Resources */ = {isa = PBXBuildFile; fileRef = C950A92C2A149FFF005DFE2D /* Game1.geojson */; };
		C950A9312A14A4CD005DFE2D /* MemoryCards.geojson in Resources */ = {isa = PBXBuildFile; fileRef = C950A9302A14A4C8005DFE2D /* MemoryCards.geojson */; };
		C97C270F2A33876F00CDEA78 /* a.mp3 in Resources */ = {isa = PBXBuildFile; fileRef = C97C270A2A33876E00CDEA78 /* a.mp3 */; };
		C97C27102A33876F00CDEA78 /* d.mp3 in Resources */ = {isa = PBXBuildFile; fileRef = C97C270B2A33876F00CDEA78 /* d.mp3 */; };
		C97C27112A33876F00CDEA78 /* c.mp3 in Resources */ = {isa = PBXBuildFile; fileRef = C97C270C2A33876F00CDEA78 /* c.mp3 */; };
		C97C27122A33876F00CDEA78 /* e.mp3 in Resources */ = {isa = PBXBuildFile; fileRef = C97C270D2A33876F00CDEA78 /* e.mp3 */; };
		C97C27132A33876F00CDEA78 /* f.mp3 in Resources */ = {isa = PBXBuildFile; fileRef = C97C270E2A33876F00CDEA78 /* f.mp3 */; };
		C97C27172A338B3D00CDEA78 /* BallsModel.swift in Sources */ = {isa = PBXBuildFile; fileRef = C97C27162A338B3D00CDEA78 /* BallsModel.swift */; };
		C9957EBB2A30700A00A648A5 /* Figtree-SemiBold.ttf in Resources */ = {isa = PBXBuildFile; fileRef = C9957EAD2A30700900A648A5 /* Figtree-SemiBold.ttf */; };
		C9957EBC2A30700A00A648A5 /* Figtree-MediumItalic.ttf in Resources */ = {isa = PBXBuildFile; fileRef = C9957EAE2A30700900A648A5 /* Figtree-MediumItalic.ttf */; };
		C9957EBD2A30700A00A648A5 /* Figtree-SemiBoldItalic.ttf in Resources */ = {isa = PBXBuildFile; fileRef = C9957EAF2A30700900A648A5 /* Figtree-SemiBoldItalic.ttf */; };
		C9957EBE2A30700A00A648A5 /* Figtree-BlackItalic.ttf in Resources */ = {isa = PBXBuildFile; fileRef = C9957EB02A30700900A648A5 /* Figtree-BlackItalic.ttf */; };
		C9957EBF2A30700A00A648A5 /* Figtree-Bold.ttf in Resources */ = {isa = PBXBuildFile; fileRef = C9957EB12A30700900A648A5 /* Figtree-Bold.ttf */; };
		C9957EC02A30700A00A648A5 /* Figtree-Regular.ttf in Resources */ = {isa = PBXBuildFile; fileRef = C9957EB22A30700900A648A5 /* Figtree-Regular.ttf */; };
		C9957EC12A30700A00A648A5 /* Figtree-LightItalic.ttf in Resources */ = {isa = PBXBuildFile; fileRef = C9957EB32A30700900A648A5 /* Figtree-LightItalic.ttf */; };
		C9957EC22A30700A00A648A5 /* Figtree-Medium.ttf in Resources */ = {isa = PBXBuildFile; fileRef = C9957EB42A30700900A648A5 /* Figtree-Medium.ttf */; };
		C9957EC32A30700A00A648A5 /* Figtree-ExtraBold.ttf in Resources */ = {isa = PBXBuildFile; fileRef = C9957EB52A30700900A648A5 /* Figtree-ExtraBold.ttf */; };
		C9957EC42A30700A00A648A5 /* Figtree-Light.ttf in Resources */ = {isa = PBXBuildFile; fileRef = C9957EB62A30700900A648A5 /* Figtree-Light.ttf */; };
		C9957EC52A30700A00A648A5 /* Figtree-ExtraBoldItalic.ttf in Resources */ = {isa = PBXBuildFile; fileRef = C9957EB72A30700A00A648A5 /* Figtree-ExtraBoldItalic.ttf */; };
		C9957EC62A30700A00A648A5 /* Figtree-Italic.ttf in Resources */ = {isa = PBXBuildFile; fileRef = C9957EB82A30700A00A648A5 /* Figtree-Italic.ttf */; };
		C9957EC72A30700A00A648A5 /* Figtree-BoldItalic.ttf in Resources */ = {isa = PBXBuildFile; fileRef = C9957EB92A30700A00A648A5 /* Figtree-BoldItalic.ttf */; };
		C9957EC82A30700A00A648A5 /* Figtree-Black.ttf in Resources */ = {isa = PBXBuildFile; fileRef = C9957EBA2A30700A00A648A5 /* Figtree-Black.ttf */; };
		C9ABC2412A267DBE00D5D6E9 /* Game.swift in Sources */ = {isa = PBXBuildFile; fileRef = C9ABC2402A267DBE00D5D6E9 /* Game.swift */; };
		C9DFCF892A3701C70018AA9B /* CongratsView.swift in Sources */ = {isa = PBXBuildFile; fileRef = C9DFCF882A3701C70018AA9B /* CongratsView.swift */; };
		C9DFCF8B2A3701E90018AA9B /* FinishButtonView.swift in Sources */ = {isa = PBXBuildFile; fileRef = C9DFCF8A2A3701E90018AA9B /* FinishButtonView.swift */; };
		C9DFCF8D2A3702270018AA9B /* DimensionHelper.swift in Sources */ = {isa = PBXBuildFile; fileRef = C9DFCF8C2A3702270018AA9B /* DimensionHelper.swift */; };
		C9DFCF8F2A3703370018AA9B /* Menu.swift in Sources */ = {isa = PBXBuildFile; fileRef = C9DFCF8E2A3703370018AA9B /* Menu.swift */; };
		C9DFCF912A3703920018AA9B /* LevelView.swift in Sources */ = {isa = PBXBuildFile; fileRef = C9DFCF902A3703920018AA9B /* LevelView.swift */; };
		C9DFCF932A3703E20018AA9B /* ListGameView.swift in Sources */ = {isa = PBXBuildFile; fileRef = C9DFCF922A3703E20018AA9B /* ListGameView.swift */; };
		C9DFCF952A3704130018AA9B /* CronoGameView.swift in Sources */ = {isa = PBXBuildFile; fileRef = C9DFCF942A3704130018AA9B /* CronoGameView.swift */; };
		C9DFCF972A3704640018AA9B /* CardActivityView.swift in Sources */ = {isa = PBXBuildFile; fileRef = C9DFCF962A3704640018AA9B /* CardActivityView.swift */; };
		C9DFCF992A37048C0018AA9B /* ImageView.swift in Sources */ = {isa = PBXBuildFile; fileRef = C9DFCF982A37048C0018AA9B /* ImageView.swift */; };
		C9DFCF9B2A3704D30018AA9B /* VuotoView.swift in Sources */ = {isa = PBXBuildFile; fileRef = C9DFCF9A2A3704D30018AA9B /* VuotoView.swift */; };
		C9DFCF9D2A3705350018AA9B /* CronoDecoding.swift in Sources */ = {isa = PBXBuildFile; fileRef = C9DFCF9C2A3705350018AA9B /* CronoDecoding.swift */; };
		C9DFCF9F2A3706570018AA9B /* AssociateGameView.swift in Sources */ = {isa = PBXBuildFile; fileRef = C9DFCF9E2A3706570018AA9B /* AssociateGameView.swift */; };
		C9DFCFA12A37067A0018AA9B /* WordView.swift in Sources */ = {isa = PBXBuildFile; fileRef = C9DFCFA02A37067A0018AA9B /* WordView.swift */; };
		C9DFCFA32A370E220018AA9B /* Ass1.geojson in Resources */ = {isa = PBXBuildFile; fileRef = C9DFCFA22A370E220018AA9B /* Ass1.geojson */; };
		C9DFCFA52A370E3C0018AA9B /* Ass2.geojson in Resources */ = {isa = PBXBuildFile; fileRef = C9DFCFA42A370E3C0018AA9B /* Ass2.geojson */; };
		C9DFCFA72A370E620018AA9B /* Ass3.geojson in Resources */ = {isa = PBXBuildFile; fileRef = C9DFCFA62A370E620018AA9B /* Ass3.geojson */; };
		C9DFCFA92A370E970018AA9B /* Crono1.geojson in Resources */ = {isa = PBXBuildFile; fileRef = C9DFCFA82A370E970018AA9B /* Crono1.geojson */; };
		C9DFCFAB2A370EB30018AA9B /* Crono2.geojson in Resources */ = {isa = PBXBuildFile; fileRef = C9DFCFAA2A370EB30018AA9B /* Crono2.geojson */; };
		C9DFCFAD2A370EC80018AA9B /* Crono3.geojson in Resources */ = {isa = PBXBuildFile; fileRef = C9DFCFAC2A370EC80018AA9B /* Crono3.geojson */; };
		C9E319AF2A346D5000BEF354 /* GameBallsLevel1.swift in Sources */ = {isa = PBXBuildFile; fileRef = C9E319AE2A346D5000BEF354 /* GameBallsLevel1.swift */; };
		C9E319B12A34725200BEF354 /* GameBallsLevel2.swift in Sources */ = {isa = PBXBuildFile; fileRef = C9E319B02A34725200BEF354 /* GameBallsLevel2.swift */; };
		C9E319B32A34949500BEF354 /* GameBallsLevel3.swift in Sources */ = {isa = PBXBuildFile; fileRef = C9E319B22A34949500BEF354 /* GameBallsLevel3.swift */; };
		C9F92AE02A29DD9900AF53CC /* customCorsivo.ttf in Resources */ = {isa = PBXBuildFile; fileRef = C9F92ADF2A29DD9900AF53CC /* customCorsivo.ttf */; };
		C9F92AE22A29DDA700AF53CC /* customRegular.ttf in Resources */ = {isa = PBXBuildFile; fileRef = C9F92AE12A29DDA700AF53CC /* customRegular.ttf */; };
/* End PBXBuildFile section */

/* Begin PBXContainerItemProxy section */
		0A6732AB2A0B830400806FEA /* PBXContainerItemProxy */ = {
			isa = PBXContainerItemProxy;
			containerPortal = 0A67328D2A0B830300806FEA /* Project object */;
			proxyType = 1;
			remoteGlobalIDString = 0A6732942A0B830300806FEA;
			remoteInfo = MelogranoProject;
		};
		0A6732B52A0B830400806FEA /* PBXContainerItemProxy */ = {
			isa = PBXContainerItemProxy;
			containerPortal = 0A67328D2A0B830300806FEA /* Project object */;
			proxyType = 1;
			remoteGlobalIDString = 0A6732942A0B830300806FEA;
			remoteInfo = MelogranoProject;
		};
/* End PBXContainerItemProxy section */

/* Begin PBXFileReference section */
		0A12FAC22A38557E001B0DA1 /* ColorExtention.swift */ = {isa = PBXFileReference; fileEncoding = 4; lastKnownFileType = sourcecode.swift; path = ColorExtention.swift; sourceTree = "<group>"; };
		0A6732952A0B830300806FEA /* MelogranoProject.app */ = {isa = PBXFileReference; explicitFileType = wrapper.application; includeInIndex = 0; path = MelogranoProject.app; sourceTree = BUILT_PRODUCTS_DIR; };
		0A6732982A0B830300806FEA /* MelogranoProjectApp.swift */ = {isa = PBXFileReference; lastKnownFileType = sourcecode.swift; path = MelogranoProjectApp.swift; sourceTree = "<group>"; };
		0A67329A2A0B830300806FEA /* ContentView.swift */ = {isa = PBXFileReference; lastKnownFileType = sourcecode.swift; path = ContentView.swift; sourceTree = "<group>"; };
		0A67329C2A0B830400806FEA /* Assets.xcassets */ = {isa = PBXFileReference; lastKnownFileType = folder.assetcatalog; path = Assets.xcassets; sourceTree = "<group>"; };
		0A67329F2A0B830400806FEA /* Preview Assets.xcassets */ = {isa = PBXFileReference; lastKnownFileType = folder.assetcatalog; path = "Preview Assets.xcassets"; sourceTree = "<group>"; };
		0A6732A12A0B830400806FEA /* Persistence.swift */ = {isa = PBXFileReference; lastKnownFileType = sourcecode.swift; path = Persistence.swift; sourceTree = "<group>"; };
		0A6732A42A0B830400806FEA /* MelogranoProject.xcdatamodel */ = {isa = PBXFileReference; lastKnownFileType = wrapper.xcdatamodel; path = MelogranoProject.xcdatamodel; sourceTree = "<group>"; };
		0A6732AA2A0B830400806FEA /* MelogranoProjectTests.xctest */ = {isa = PBXFileReference; explicitFileType = wrapper.cfbundle; includeInIndex = 0; path = MelogranoProjectTests.xctest; sourceTree = BUILT_PRODUCTS_DIR; };
		0A6732AE2A0B830400806FEA /* MelogranoProjectTests.swift */ = {isa = PBXFileReference; lastKnownFileType = sourcecode.swift; path = MelogranoProjectTests.swift; sourceTree = "<group>"; };
		0A6732B42A0B830400806FEA /* MelogranoProjectUITests.xctest */ = {isa = PBXFileReference; explicitFileType = wrapper.cfbundle; includeInIndex = 0; path = MelogranoProjectUITests.xctest; sourceTree = BUILT_PRODUCTS_DIR; };
		0A6732B82A0B830400806FEA /* MelogranoProjectUITests.swift */ = {isa = PBXFileReference; lastKnownFileType = sourcecode.swift; path = MelogranoProjectUITests.swift; sourceTree = "<group>"; };
		0A6732BA2A0B830400806FEA /* MelogranoProjectUITestsLaunchTests.swift */ = {isa = PBXFileReference; lastKnownFileType = sourcecode.swift; path = MelogranoProjectUITestsLaunchTests.swift; sourceTree = "<group>"; };
		0A72FD1F2A273AE300073F85 /* GameMemoryModel.swift */ = {isa = PBXFileReference; lastKnownFileType = sourcecode.swift; path = GameMemoryModel.swift; sourceTree = "<group>"; };
		0A72FD202A273AE300073F85 /* CardView.swift */ = {isa = PBXFileReference; lastKnownFileType = sourcecode.swift; path = CardView.swift; sourceTree = "<group>"; };
		0A72FD212A273AE300073F85 /* CardMemoryGameView.swift */ = {isa = PBXFileReference; lastKnownFileType = sourcecode.swift; path = CardMemoryGameView.swift; sourceTree = "<group>"; };
		0A72FD222A273AE300073F85 /* CardMemory.swift */ = {isa = PBXFileReference; lastKnownFileType = sourcecode.swift; path = CardMemory.swift; sourceTree = "<group>"; };
		0A72FD732A2752DD00073F85 /* GameTwoView.swift */ = {isa = PBXFileReference; lastKnownFileType = sourcecode.swift; path = GameTwoView.swift; sourceTree = "<group>"; };
		0A72FD752A2752F300073F85 /* CardOrderViewGameTwo.swift */ = {isa = PBXFileReference; lastKnownFileType = sourcecode.swift; path = CardOrderViewGameTwo.swift; sourceTree = "<group>"; };
		0A72FD772A27530400073F85 /* CardGameTwoView.swift */ = {isa = PBXFileReference; lastKnownFileType = sourcecode.swift; path = CardGameTwoView.swift; sourceTree = "<group>"; };
		0A72FD792A27531300073F85 /* WorldCard.swift */ = {isa = PBXFileReference; lastKnownFileType = sourcecode.swift; path = WorldCard.swift; sourceTree = "<group>"; };
		0A72FD7B2A27531E00073F85 /* CardGameTwo.swift */ = {isa = PBXFileReference; lastKnownFileType = sourcecode.swift; path = CardGameTwo.swift; sourceTree = "<group>"; };
		0A72FD7D2A27533100073F85 /* ModelGameTwo.swift */ = {isa = PBXFileReference; lastKnownFileType = sourcecode.swift; path = ModelGameTwo.swift; sourceTree = "<group>"; };
		0ADDF04A2A1CB5BB005BDE6A /* Game3.geojson */ = {isa = PBXFileReference; fileEncoding = 4; lastKnownFileType = text; path = Game3.geojson; sourceTree = "<group>"; };
		0ADDF04B2A1CB5D5005BDE6A /* Game3.2.geojson */ = {isa = PBXFileReference; fileEncoding = 4; lastKnownFileType = text; path = Game3.2.geojson; sourceTree = "<group>"; };
		0ADDF04C2A1CB5E5005BDE6A /* Game3.3.geojson */ = {isa = PBXFileReference; fileEncoding = 4; lastKnownFileType = text; path = Game3.3.geojson; sourceTree = "<group>"; };
		13ED4CA12A2489D8009CF732 /* menu.mp3 */ = {isa = PBXFileReference; lastKnownFileType = audio.mp3; name = menu.mp3; path = ../../Sound/menu.mp3; sourceTree = "<group>"; };
		13FD072A2A14C22E0023539C /* Game2.geojson */ = {isa = PBXFileReference; fileEncoding = 4; lastKnownFileType = text; path = Game2.geojson; sourceTree = "<group>"; };
		13FD072B2A14C2550023539C /* Game2.2.geojson */ = {isa = PBXFileReference; fileEncoding = 4; lastKnownFileType = text; path = Game2.2.geojson; sourceTree = "<group>"; };
		13FD072C2A14C26A0023539C /* Game2.3.geojson */ = {isa = PBXFileReference; fileEncoding = 4; lastKnownFileType = text; path = Game2.3.geojson; sourceTree = "<group>"; };
		13FD072F2A14C2BC0023539C /* Game1.2.geojson */ = {isa = PBXFileReference; fileEncoding = 4; lastKnownFileType = text; path = Game1.2.geojson; sourceTree = "<group>"; };
		13FD07302A14C2CC0023539C /* Game1.3.geojson */ = {isa = PBXFileReference; fileEncoding = 4; lastKnownFileType = text; path = Game1.3.geojson; sourceTree = "<group>"; };
		C91DC2932A13C66C00FA8329 /* BallsView.swift */ = {isa = PBXFileReference; lastKnownFileType = sourcecode.swift; path = BallsView.swift; sourceTree = "<group>"; };
		C92CF2E32A1B507000AAF385 /* notifica.mp3 */ = {isa = PBXFileReference; lastKnownFileType = audio.mp3; name = notifica.mp3; path = ../../Sound/notifica.mp3; sourceTree = "<group>"; };
		C94227FF2A265E590019A550 /* GameOneView.swift */ = {isa = PBXFileReference; lastKnownFileType = sourcecode.swift; path = GameOneView.swift; sourceTree = "<group>"; };
		C94228012A265E810019A550 /* CardGameOne.swift */ = {isa = PBXFileReference; lastKnownFileType = sourcecode.swift; path = CardGameOne.swift; sourceTree = "<group>"; };
		C94228032A265EB10019A550 /* CardGameOneView.swift */ = {isa = PBXFileReference; lastKnownFileType = sourcecode.swift; path = CardGameOneView.swift; sourceTree = "<group>"; };
		C94228052A265ED10019A550 /* ModelGameOne.swift */ = {isa = PBXFileReference; lastKnownFileType = sourcecode.swift; path = ModelGameOne.swift; sourceTree = "<group>"; };
		C94228072A265EF00019A550 /* CardOrderViewGameOne.swift */ = {isa = PBXFileReference; lastKnownFileType = sourcecode.swift; path = CardOrderViewGameOne.swift; sourceTree = "<group>"; };
		C9446ED92A3650D100CA20B1 /* ColoreBottone.swift */ = {isa = PBXFileReference; lastKnownFileType = sourcecode.swift; path = ColoreBottone.swift; sourceTree = "<group>"; };
		C950A92C2A149FFF005DFE2D /* Game1.geojson */ = {isa = PBXFileReference; fileEncoding = 4; lastKnownFileType = text; path = Game1.geojson; sourceTree = "<group>"; };
		C950A9302A14A4C8005DFE2D /* MemoryCards.geojson */ = {isa = PBXFileReference; fileEncoding = 4; lastKnownFileType = text; path = MemoryCards.geojson; sourceTree = "<group>"; };
		C97C270A2A33876E00CDEA78 /* a.mp3 */ = {isa = PBXFileReference; lastKnownFileType = audio.mp3; path = a.mp3; sourceTree = "<group>"; };
		C97C270B2A33876F00CDEA78 /* d.mp3 */ = {isa = PBXFileReference; lastKnownFileType = audio.mp3; path = d.mp3; sourceTree = "<group>"; };
		C97C270C2A33876F00CDEA78 /* c.mp3 */ = {isa = PBXFileReference; lastKnownFileType = audio.mp3; path = c.mp3; sourceTree = "<group>"; };
		C97C270D2A33876F00CDEA78 /* e.mp3 */ = {isa = PBXFileReference; lastKnownFileType = audio.mp3; path = e.mp3; sourceTree = "<group>"; };
		C97C270E2A33876F00CDEA78 /* f.mp3 */ = {isa = PBXFileReference; lastKnownFileType = audio.mp3; path = f.mp3; sourceTree = "<group>"; };
		C97C27162A338B3D00CDEA78 /* BallsModel.swift */ = {isa = PBXFileReference; lastKnownFileType = sourcecode.swift; path = BallsModel.swift; sourceTree = "<group>"; };
		C9957EAD2A30700900A648A5 /* Figtree-SemiBold.ttf */ = {isa = PBXFileReference; lastKnownFileType = file; path = "Figtree-SemiBold.ttf"; sourceTree = "<group>"; };
		C9957EAE2A30700900A648A5 /* Figtree-MediumItalic.ttf */ = {isa = PBXFileReference; lastKnownFileType = file; path = "Figtree-MediumItalic.ttf"; sourceTree = "<group>"; };
		C9957EAF2A30700900A648A5 /* Figtree-SemiBoldItalic.ttf */ = {isa = PBXFileReference; lastKnownFileType = file; path = "Figtree-SemiBoldItalic.ttf"; sourceTree = "<group>"; };
		C9957EB02A30700900A648A5 /* Figtree-BlackItalic.ttf */ = {isa = PBXFileReference; lastKnownFileType = file; path = "Figtree-BlackItalic.ttf"; sourceTree = "<group>"; };
		C9957EB12A30700900A648A5 /* Figtree-Bold.ttf */ = {isa = PBXFileReference; lastKnownFileType = file; path = "Figtree-Bold.ttf"; sourceTree = "<group>"; };
		C9957EB22A30700900A648A5 /* Figtree-Regular.ttf */ = {isa = PBXFileReference; lastKnownFileType = file; path = "Figtree-Regular.ttf"; sourceTree = "<group>"; };
		C9957EB32A30700900A648A5 /* Figtree-LightItalic.ttf */ = {isa = PBXFileReference; lastKnownFileType = file; path = "Figtree-LightItalic.ttf"; sourceTree = "<group>"; };
		C9957EB42A30700900A648A5 /* Figtree-Medium.ttf */ = {isa = PBXFileReference; lastKnownFileType = file; path = "Figtree-Medium.ttf"; sourceTree = "<group>"; };
		C9957EB52A30700900A648A5 /* Figtree-ExtraBold.ttf */ = {isa = PBXFileReference; lastKnownFileType = file; path = "Figtree-ExtraBold.ttf"; sourceTree = "<group>"; };
		C9957EB62A30700900A648A5 /* Figtree-Light.ttf */ = {isa = PBXFileReference; lastKnownFileType = file; path = "Figtree-Light.ttf"; sourceTree = "<group>"; };
		C9957EB72A30700A00A648A5 /* Figtree-ExtraBoldItalic.ttf */ = {isa = PBXFileReference; lastKnownFileType = file; path = "Figtree-ExtraBoldItalic.ttf"; sourceTree = "<group>"; };
		C9957EB82A30700A00A648A5 /* Figtree-Italic.ttf */ = {isa = PBXFileReference; lastKnownFileType = file; path = "Figtree-Italic.ttf"; sourceTree = "<group>"; };
		C9957EB92A30700A00A648A5 /* Figtree-BoldItalic.ttf */ = {isa = PBXFileReference; lastKnownFileType = file; path = "Figtree-BoldItalic.ttf"; sourceTree = "<group>"; };
		C9957EBA2A30700A00A648A5 /* Figtree-Black.ttf */ = {isa = PBXFileReference; lastKnownFileType = file; path = "Figtree-Black.ttf"; sourceTree = "<group>"; };
		C9ABC2402A267DBE00D5D6E9 /* Game.swift */ = {isa = PBXFileReference; lastKnownFileType = sourcecode.swift; path = Game.swift; sourceTree = "<group>"; };
		C9DFCF882A3701C70018AA9B /* CongratsView.swift */ = {isa = PBXFileReference; lastKnownFileType = sourcecode.swift; path = CongratsView.swift; sourceTree = "<group>"; };
		C9DFCF8A2A3701E90018AA9B /* FinishButtonView.swift */ = {isa = PBXFileReference; lastKnownFileType = sourcecode.swift; path = FinishButtonView.swift; sourceTree = "<group>"; };
		C9DFCF8C2A3702270018AA9B /* DimensionHelper.swift */ = {isa = PBXFileReference; lastKnownFileType = sourcecode.swift; path = DimensionHelper.swift; sourceTree = "<group>"; };
		C9DFCF8E2A3703370018AA9B /* Menu.swift */ = {isa = PBXFileReference; lastKnownFileType = sourcecode.swift; path = Menu.swift; sourceTree = "<group>"; };
		C9DFCF902A3703920018AA9B /* LevelView.swift */ = {isa = PBXFileReference; lastKnownFileType = sourcecode.swift; path = LevelView.swift; sourceTree = "<group>"; };
		C9DFCF922A3703E20018AA9B /* ListGameView.swift */ = {isa = PBXFileReference; lastKnownFileType = sourcecode.swift; path = ListGameView.swift; sourceTree = "<group>"; };
		C9DFCF942A3704130018AA9B /* CronoGameView.swift */ = {isa = PBXFileReference; lastKnownFileType = sourcecode.swift; path = CronoGameView.swift; sourceTree = "<group>"; };
		C9DFCF962A3704640018AA9B /* CardActivityView.swift */ = {isa = PBXFileReference; lastKnownFileType = sourcecode.swift; path = CardActivityView.swift; sourceTree = "<group>"; };
		C9DFCF982A37048C0018AA9B /* ImageView.swift */ = {isa = PBXFileReference; lastKnownFileType = sourcecode.swift; path = ImageView.swift; sourceTree = "<group>"; };
		C9DFCF9A2A3704D30018AA9B /* VuotoView.swift */ = {isa = PBXFileReference; lastKnownFileType = sourcecode.swift; path = VuotoView.swift; sourceTree = "<group>"; };
		C9DFCF9C2A3705350018AA9B /* CronoDecoding.swift */ = {isa = PBXFileReference; lastKnownFileType = sourcecode.swift; path = CronoDecoding.swift; sourceTree = "<group>"; };
		C9DFCF9E2A3706570018AA9B /* AssociateGameView.swift */ = {isa = PBXFileReference; lastKnownFileType = sourcecode.swift; path = AssociateGameView.swift; sourceTree = "<group>"; };
		C9DFCFA02A37067A0018AA9B /* WordView.swift */ = {isa = PBXFileReference; lastKnownFileType = sourcecode.swift; path = WordView.swift; sourceTree = "<group>"; };
		C9DFCFA22A370E220018AA9B /* Ass1.geojson */ = {isa = PBXFileReference; lastKnownFileType = text; path = Ass1.geojson; sourceTree = "<group>"; };
		C9DFCFA42A370E3C0018AA9B /* Ass2.geojson */ = {isa = PBXFileReference; lastKnownFileType = text; path = Ass2.geojson; sourceTree = "<group>"; };
		C9DFCFA62A370E620018AA9B /* Ass3.geojson */ = {isa = PBXFileReference; lastKnownFileType = text; path = Ass3.geojson; sourceTree = "<group>"; };
		C9DFCFA82A370E970018AA9B /* Crono1.geojson */ = {isa = PBXFileReference; lastKnownFileType = text; path = Crono1.geojson; sourceTree = "<group>"; };
		C9DFCFAA2A370EB30018AA9B /* Crono2.geojson */ = {isa = PBXFileReference; lastKnownFileType = text; path = Crono2.geojson; sourceTree = "<group>"; };
		C9DFCFAC2A370EC80018AA9B /* Crono3.geojson */ = {isa = PBXFileReference; lastKnownFileType = text; path = Crono3.geojson; sourceTree = "<group>"; };
		C9E319AE2A346D5000BEF354 /* GameBallsLevel1.swift */ = {isa = PBXFileReference; lastKnownFileType = sourcecode.swift; path = GameBallsLevel1.swift; sourceTree = "<group>"; };
		C9E319B02A34725200BEF354 /* GameBallsLevel2.swift */ = {isa = PBXFileReference; lastKnownFileType = sourcecode.swift; path = GameBallsLevel2.swift; sourceTree = "<group>"; };
		C9E319B22A34949500BEF354 /* GameBallsLevel3.swift */ = {isa = PBXFileReference; lastKnownFileType = sourcecode.swift; path = GameBallsLevel3.swift; sourceTree = "<group>"; };
		C9F92ADF2A29DD9900AF53CC /* customCorsivo.ttf */ = {isa = PBXFileReference; lastKnownFileType = file; path = customCorsivo.ttf; sourceTree = "<group>"; };
		C9F92AE12A29DDA700AF53CC /* customRegular.ttf */ = {isa = PBXFileReference; lastKnownFileType = file; path = customRegular.ttf; sourceTree = "<group>"; };
/* End PBXFileReference section */

/* Begin PBXFrameworksBuildPhase section */
		0A6732922A0B830300806FEA /* Frameworks */ = {
			isa = PBXFrameworksBuildPhase;
			buildActionMask = 2147483647;
			files = (
			);
			runOnlyForDeploymentPostprocessing = 0;
		};
		0A6732A72A0B830400806FEA /* Frameworks */ = {
			isa = PBXFrameworksBuildPhase;
			buildActionMask = 2147483647;
			files = (
			);
			runOnlyForDeploymentPostprocessing = 0;
		};
		0A6732B12A0B830400806FEA /* Frameworks */ = {
			isa = PBXFrameworksBuildPhase;
			buildActionMask = 2147483647;
			files = (
			);
			runOnlyForDeploymentPostprocessing = 0;
		};
/* End PBXFrameworksBuildPhase section */

/* Begin PBXGroup section */
		0A5A4CDF2A1387A800D7396D /* Model */ = {
			isa = PBXGroup;
			children = (
				C9DFCF8C2A3702270018AA9B /* DimensionHelper.swift */,
				C9DFCF9A2A3704D30018AA9B /* VuotoView.swift */,
				C9DFCF982A37048C0018AA9B /* ImageView.swift */,
				C9DFCF962A3704640018AA9B /* CardActivityView.swift */,
				C9DFCF882A3701C70018AA9B /* CongratsView.swift */,
				C9DFCF8A2A3701E90018AA9B /* FinishButtonView.swift */,
				C9ABC2402A267DBE00D5D6E9 /* Game.swift */,
				C9DFCF922A3703E20018AA9B /* ListGameView.swift */,
				0A6732A12A0B830400806FEA /* Persistence.swift */,
			);
			path = Model;
			sourceTree = "<group>";
		};
		0A67328C2A0B830300806FEA = {
			isa = PBXGroup;
			children = (
				0A6732972A0B830300806FEA /* MelogranoProject */,
				0A6732AD2A0B830400806FEA /* MelogranoProjectTests */,
				0A6732B72A0B830400806FEA /* MelogranoProjectUITests */,
				0A6732962A0B830300806FEA /* Products */,
			);
			sourceTree = "<group>";
		};
		0A6732962A0B830300806FEA /* Products */ = {
			isa = PBXGroup;
			children = (
				0A6732952A0B830300806FEA /* MelogranoProject.app */,
				0A6732AA2A0B830400806FEA /* MelogranoProjectTests.xctest */,
				0A6732B42A0B830400806FEA /* MelogranoProjectUITests.xctest */,
			);
			name = Products;
			sourceTree = "<group>";
		};
		0A6732972A0B830300806FEA /* MelogranoProject */ = {
			isa = PBXGroup;
			children = (
				0A6732982A0B830300806FEA /* MelogranoProjectApp.swift */,
				0A67329A2A0B830300806FEA /* ContentView.swift */,
				C9DFCF8E2A3703370018AA9B /* Menu.swift */,
				C9DFCF902A3703920018AA9B /* LevelView.swift */,
				C9DFCF942A3704130018AA9B /* CronoGameView.swift */,
				C9DFCF9C2A3705350018AA9B /* CronoDecoding.swift */,
				C9DFCFA02A37067A0018AA9B /* WordView.swift */,
				C9DFCF9E2A3706570018AA9B /* AssociateGameView.swift */,
				C94227FE2A265E390019A550 /* GameOne */,
				0A72FD122A2739AE00073F85 /* GameTwo */,
				0A72FD272A273AF800073F85 /* GameMemory */,
				C97DE1582A1D231D00BB7298 /* BALLS GAME */,
				13FD071F2A13784F0023539C /* Json */,
				0A5A4CDF2A1387A800D7396D /* Model */,
				C9F92ADF2A29DD9900AF53CC /* customCorsivo.ttf */,
				C9F92AE12A29DDA700AF53CC /* customRegular.ttf */,
				C9957EBA2A30700A00A648A5 /* Figtree-Black.ttf */,
				C9957EB02A30700900A648A5 /* Figtree-BlackItalic.ttf */,
				C9957EB12A30700900A648A5 /* Figtree-Bold.ttf */,
				C9957EB92A30700A00A648A5 /* Figtree-BoldItalic.ttf */,
				C9957EB52A30700900A648A5 /* Figtree-ExtraBold.ttf */,
				C9957EB72A30700A00A648A5 /* Figtree-ExtraBoldItalic.ttf */,
				C9957EB82A30700A00A648A5 /* Figtree-Italic.ttf */,
				C9957EB62A30700900A648A5 /* Figtree-Light.ttf */,
				C9957EB32A30700900A648A5 /* Figtree-LightItalic.ttf */,
				C9957EB42A30700900A648A5 /* Figtree-Medium.ttf */,
				C9957EAE2A30700900A648A5 /* Figtree-MediumItalic.ttf */,
				C9957EB22A30700900A648A5 /* Figtree-Regular.ttf */,
				C9957EAD2A30700900A648A5 /* Figtree-SemiBold.ttf */,
				C9957EAF2A30700900A648A5 /* Figtree-SemiBoldItalic.ttf */,
				0A67329C2A0B830400806FEA /* Assets.xcassets */,
				C92CF2E22A1B503B00AAF385 /* Sound */,
				0A6732A32A0B830400806FEA /* MelogranoProject.xcdatamodeld */,
				0A67329E2A0B830400806FEA /* Preview Content */,
			);
			path = MelogranoProject;
			sourceTree = "<group>";
		};
		0A67329E2A0B830400806FEA /* Preview Content */ = {
			isa = PBXGroup;
			children = (
				0A67329F2A0B830400806FEA /* Preview Assets.xcassets */,
			);
			path = "Preview Content";
			sourceTree = "<group>";
		};
		0A6732AD2A0B830400806FEA /* MelogranoProjectTests */ = {
			isa = PBXGroup;
			children = (
				0A6732AE2A0B830400806FEA /* MelogranoProjectTests.swift */,
			);
			path = MelogranoProjectTests;
			sourceTree = "<group>";
		};
		0A6732B72A0B830400806FEA /* MelogranoProjectUITests */ = {
			isa = PBXGroup;
			children = (
				0A6732B82A0B830400806FEA /* MelogranoProjectUITests.swift */,
				0A6732BA2A0B830400806FEA /* MelogranoProjectUITestsLaunchTests.swift */,
			);
			path = MelogranoProjectUITests;
			sourceTree = "<group>";
		};
		0A72FD122A2739AE00073F85 /* GameTwo */ = {
			isa = PBXGroup;
			children = (
				0A72FD732A2752DD00073F85 /* GameTwoView.swift */,
				0A72FD752A2752F300073F85 /* CardOrderViewGameTwo.swift */,
				0A72FD772A27530400073F85 /* CardGameTwoView.swift */,
				0A72FD792A27531300073F85 /* WorldCard.swift */,
				0A72FD7B2A27531E00073F85 /* CardGameTwo.swift */,
				0A72FD7D2A27533100073F85 /* ModelGameTwo.swift */,
			);
			name = GameTwo;
			path = MelogranoProject/GameTwo;
			sourceTree = SOURCE_ROOT;
		};
		0A72FD272A273AF800073F85 /* GameMemory */ = {
			isa = PBXGroup;
			children = (
				0A72FD222A273AE300073F85 /* CardMemory.swift */,
				0A72FD212A273AE300073F85 /* CardMemoryGameView.swift */,
				0A72FD202A273AE300073F85 /* CardView.swift */,
				0A72FD1F2A273AE300073F85 /* GameMemoryModel.swift */,
			);
			name = GameMemory;
			sourceTree = "<group>";
		};
		13FD071F2A13784F0023539C /* Json */ = {
			isa = PBXGroup;
			children = (
				C950A9302A14A4C8005DFE2D /* MemoryCards.geojson */,
				C950A92C2A149FFF005DFE2D /* Game1.geojson */,
				13FD072F2A14C2BC0023539C /* Game1.2.geojson */,
				13FD07302A14C2CC0023539C /* Game1.3.geojson */,
				13FD072A2A14C22E0023539C /* Game2.geojson */,
				13FD072B2A14C2550023539C /* Game2.2.geojson */,
				13FD072C2A14C26A0023539C /* Game2.3.geojson */,
				0ADDF04A2A1CB5BB005BDE6A /* Game3.geojson */,
				0ADDF04B2A1CB5D5005BDE6A /* Game3.2.geojson */,
				0ADDF04C2A1CB5E5005BDE6A /* Game3.3.geojson */,
				C9DFCFA22A370E220018AA9B /* Ass1.geojson */,
				C9DFCFA42A370E3C0018AA9B /* Ass2.geojson */,
				C9DFCFAA2A370EB30018AA9B /* Crono2.geojson */,
				C9DFCFAC2A370EC80018AA9B /* Crono3.geojson */,
				C9DFCFA62A370E620018AA9B /* Ass3.geojson */,
				C9DFCFA82A370E970018AA9B /* Crono1.geojson */,
			);
			path = Json;
			sourceTree = "<group>";
		};
		C92CF2E22A1B503B00AAF385 /* Sound */ = {
			isa = PBXGroup;
			children = (
				13ED4CA12A2489D8009CF732 /* menu.mp3 */,
				C97C270A2A33876E00CDEA78 /* a.mp3 */,
				C97C270C2A33876F00CDEA78 /* c.mp3 */,
				C97C270B2A33876F00CDEA78 /* d.mp3 */,
				C97C270D2A33876F00CDEA78 /* e.mp3 */,
				C97C270E2A33876F00CDEA78 /* f.mp3 */,
				C92CF2E32A1B507000AAF385 /* notifica.mp3 */,
			);
			name = Sound;
			path = "On Boarding/Sound";
			sourceTree = "<group>";
		};
		C94227FE2A265E390019A550 /* GameOne */ = {
			isa = PBXGroup;
			children = (
				C94227FF2A265E590019A550 /* GameOneView.swift */,
				C94228012A265E810019A550 /* CardGameOne.swift */,
				C94228032A265EB10019A550 /* CardGameOneView.swift */,
				C94228052A265ED10019A550 /* ModelGameOne.swift */,
				C94228072A265EF00019A550 /* CardOrderViewGameOne.swift */,
			);
			name = GameOne;
			sourceTree = "<group>";
		};
		C97DE1582A1D231D00BB7298 /* BALLS GAME */ = {
			isa = PBXGroup;
			children = (
				C91DC2932A13C66C00FA8329 /* BallsView.swift */,
				C9446ED92A3650D100CA20B1 /* ColoreBottone.swift */,
				C9E319AE2A346D5000BEF354 /* GameBallsLevel1.swift */,
				C9E319B02A34725200BEF354 /* GameBallsLevel2.swift */,
				C9E319B22A34949500BEF354 /* GameBallsLevel3.swift */,
				C97C27162A338B3D00CDEA78 /* BallsModel.swift */,
				0A12FAC22A38557E001B0DA1 /* ColorExtention.swift */,
			);
			path = "BALLS GAME";
			sourceTree = "<group>";
		};
/* End PBXGroup section */

/* Begin PBXNativeTarget section */
		0A6732942A0B830300806FEA /* MelogranoProject */ = {
			isa = PBXNativeTarget;
			buildConfigurationList = 0A6732BE2A0B830400806FEA /* Build configuration list for PBXNativeTarget "MelogranoProject" */;
			buildPhases = (
				0A6732912A0B830300806FEA /* Sources */,
				0A6732922A0B830300806FEA /* Frameworks */,
				0A6732932A0B830300806FEA /* Resources */,
			);
			buildRules = (
			);
			dependencies = (
			);
			name = MelogranoProject;
			packageProductDependencies = (
			);
			productName = MelogranoProject;
			productReference = 0A6732952A0B830300806FEA /* MelogranoProject.app */;
			productType = "com.apple.product-type.application";
		};
		0A6732A92A0B830400806FEA /* MelogranoProjectTests */ = {
			isa = PBXNativeTarget;
			buildConfigurationList = 0A6732C12A0B830400806FEA /* Build configuration list for PBXNativeTarget "MelogranoProjectTests" */;
			buildPhases = (
				0A6732A62A0B830400806FEA /* Sources */,
				0A6732A72A0B830400806FEA /* Frameworks */,
				0A6732A82A0B830400806FEA /* Resources */,
			);
			buildRules = (
			);
			dependencies = (
				0A6732AC2A0B830400806FEA /* PBXTargetDependency */,
			);
			name = MelogranoProjectTests;
			productName = MelogranoProjectTests;
			productReference = 0A6732AA2A0B830400806FEA /* MelogranoProjectTests.xctest */;
			productType = "com.apple.product-type.bundle.unit-test";
		};
		0A6732B32A0B830400806FEA /* MelogranoProjectUITests */ = {
			isa = PBXNativeTarget;
			buildConfigurationList = 0A6732C42A0B830400806FEA /* Build configuration list for PBXNativeTarget "MelogranoProjectUITests" */;
			buildPhases = (
				0A6732B02A0B830400806FEA /* Sources */,
				0A6732B12A0B830400806FEA /* Frameworks */,
				0A6732B22A0B830400806FEA /* Resources */,
			);
			buildRules = (
			);
			dependencies = (
				0A6732B62A0B830400806FEA /* PBXTargetDependency */,
			);
			name = MelogranoProjectUITests;
			productName = MelogranoProjectUITests;
			productReference = 0A6732B42A0B830400806FEA /* MelogranoProjectUITests.xctest */;
			productType = "com.apple.product-type.bundle.ui-testing";
		};
/* End PBXNativeTarget section */

/* Begin PBXProject section */
		0A67328D2A0B830300806FEA /* Project object */ = {
			isa = PBXProject;
			attributes = {
				BuildIndependentTargetsInParallel = 1;
				LastSwiftUpdateCheck = 1430;
				LastUpgradeCheck = 1430;
				TargetAttributes = {
					0A6732942A0B830300806FEA = {
						CreatedOnToolsVersion = 14.3;
					};
					0A6732A92A0B830400806FEA = {
						CreatedOnToolsVersion = 14.3;
						TestTargetID = 0A6732942A0B830300806FEA;
					};
					0A6732B32A0B830400806FEA = {
						CreatedOnToolsVersion = 14.3;
						TestTargetID = 0A6732942A0B830300806FEA;
					};
				};
			};
			buildConfigurationList = 0A6732902A0B830300806FEA /* Build configuration list for PBXProject "MelogranoProject" */;
			compatibilityVersion = "Xcode 14.0";
			developmentRegion = en;
			hasScannedForEncodings = 0;
			knownRegions = (
				en,
				Base,
			);
			mainGroup = 0A67328C2A0B830300806FEA;
			packageReferences = (
			);
			productRefGroup = 0A6732962A0B830300806FEA /* Products */;
			projectDirPath = "";
			projectRoot = "";
			targets = (
				0A6732942A0B830300806FEA /* MelogranoProject */,
				0A6732A92A0B830400806FEA /* MelogranoProjectTests */,
				0A6732B32A0B830400806FEA /* MelogranoProjectUITests */,
			);
		};
/* End PBXProject section */

/* Begin PBXResourcesBuildPhase section */
		0A6732932A0B830300806FEA /* Resources */ = {
			isa = PBXResourcesBuildPhase;
			buildActionMask = 2147483647;
			files = (
				C97C27112A33876F00CDEA78 /* c.mp3 in Resources */,
				C9DFCFA72A370E620018AA9B /* Ass3.geojson in Resources */,
				0ADDF0542A1CB8A6005BDE6A /* Game3.3.geojson in Resources */,
				C97C270F2A33876F00CDEA78 /* a.mp3 in Resources */,
				C9DFCFAB2A370EB30018AA9B /* Crono2.geojson in Resources */,
				C9957EC12A30700A00A648A5 /* Figtree-LightItalic.ttf in Resources */,
				C9957EC22A30700A00A648A5 /* Figtree-Medium.ttf in Resources */,
				C9DFCFA52A370E3C0018AA9B /* Ass2.geojson in Resources */,
				C9957EBE2A30700A00A648A5 /* Figtree-BlackItalic.ttf in Resources */,
				0ADDF04D2A1CB836005BDE6A /* Game2.geojson in Resources */,
				C9F92AE22A29DDA700AF53CC /* customRegular.ttf in Resources */,
				C97C27102A33876F00CDEA78 /* d.mp3 in Resources */,
				0ADDF0512A1CB855005BDE6A /* Game1.2.geojson in Resources */,
				C9957EC32A30700A00A648A5 /* Figtree-ExtraBold.ttf in Resources */,
				0ADDF04E2A1CB84D005BDE6A /* Game2.2.geojson in Resources */,
				0ADDF0532A1CB8A4005BDE6A /* Game3.2.geojson in Resources */,
				C9957EBD2A30700A00A648A5 /* Figtree-SemiBoldItalic.ttf in Resources */,
				C9957EBC2A30700A00A648A5 /* Figtree-MediumItalic.ttf in Resources */,
				C9957EC42A30700A00A648A5 /* Figtree-Light.ttf in Resources */,
				C9957EBB2A30700A00A648A5 /* Figtree-SemiBold.ttf in Resources */,
				C9957EC02A30700A00A648A5 /* Figtree-Regular.ttf in Resources */,
				C9957EC82A30700A00A648A5 /* Figtree-Black.ttf in Resources */,
				0ADDF0522A1CB85B005BDE6A /* Game3.geojson in Resources */,
				C950A9312A14A4CD005DFE2D /* MemoryCards.geojson in Resources */,
				C950A92D2A149FFF005DFE2D /* Game1.geojson in Resources */,
				C9957EBF2A30700A00A648A5 /* Figtree-Bold.ttf in Resources */,
				C9957EC62A30700A00A648A5 /* Figtree-Italic.ttf in Resources */,
				0A6732A02A0B830400806FEA /* Preview Assets.xcassets in Resources */,
				C9F92AE02A29DD9900AF53CC /* customCorsivo.ttf in Resources */,
				C9957EC72A30700A00A648A5 /* Figtree-BoldItalic.ttf in Resources */,
				0ADDF0502A1CB852005BDE6A /* Game1.3.geojson in Resources */,
				C97C27132A33876F00CDEA78 /* f.mp3 in Resources */,
				C97C27122A33876F00CDEA78 /* e.mp3 in Resources */,
				13ED4CA22A2489D8009CF732 /* menu.mp3 in Resources */,
				C9DFCFA32A370E220018AA9B /* Ass1.geojson in Resources */,
				C92CF2E42A1B507000AAF385 /* notifica.mp3 in Resources */,
				C9DFCFA92A370E970018AA9B /* Crono1.geojson in Resources */,
				C9DFCFAD2A370EC80018AA9B /* Crono3.geojson in Resources */,
				C9957EC52A30700A00A648A5 /* Figtree-ExtraBoldItalic.ttf in Resources */,
				0A67329D2A0B830400806FEA /* Assets.xcassets in Resources */,
				0ADDF04F2A1CB84F005BDE6A /* Game2.3.geojson in Resources */,
			);
			runOnlyForDeploymentPostprocessing = 0;
		};
		0A6732A82A0B830400806FEA /* Resources */ = {
			isa = PBXResourcesBuildPhase;
			buildActionMask = 2147483647;
			files = (
			);
			runOnlyForDeploymentPostprocessing = 0;
		};
		0A6732B22A0B830400806FEA /* Resources */ = {
			isa = PBXResourcesBuildPhase;
			buildActionMask = 2147483647;
			files = (
			);
			runOnlyForDeploymentPostprocessing = 0;
		};
/* End PBXResourcesBuildPhase section */

/* Begin PBXSourcesBuildPhase section */
		0A6732912A0B830300806FEA /* Sources */ = {
			isa = PBXSourcesBuildPhase;
			buildActionMask = 2147483647;
			files = (
				0A6732A52A0B830400806FEA /* MelogranoProject.xcdatamodeld in Sources */,
				0A72FD232A273AE300073F85 /* GameMemoryModel.swift in Sources */,
				C9446EDA2A3650D100CA20B1 /* ColoreBottone.swift in Sources */,
				0A6732A22A0B830400806FEA /* Persistence.swift in Sources */,
				0A72FD7A2A27531300073F85 /* WorldCard.swift in Sources */,
				C9DFCF9D2A3705350018AA9B /* CronoDecoding.swift in Sources */,
				C9DFCF932A3703E20018AA9B /* ListGameView.swift in Sources */,
				0A67329B2A0B830300806FEA /* ContentView.swift in Sources */,
				C9DFCF9F2A3706570018AA9B /* AssociateGameView.swift in Sources */,
				C9DFCF892A3701C70018AA9B /* CongratsView.swift in Sources */,
				0A72FD742A2752DD00073F85 /* GameTwoView.swift in Sources */,
				C9E319AF2A346D5000BEF354 /* GameBallsLevel1.swift in Sources */,
				0A72FD7E2A27533100073F85 /* ModelGameTwo.swift in Sources */,
				0A72FD252A273AE300073F85 /* CardView.swift in Sources */,
				0A72FD262A273AE300073F85 /* CardMemoryGameView.swift in Sources */,
				C9DFCF992A37048C0018AA9B /* ImageView.swift in Sources */,
				C97C27172A338B3D00CDEA78 /* BallsModel.swift in Sources */,
				C9DFCFA12A37067A0018AA9B /* WordView.swift in Sources */,
				0A6732992A0B830300806FEA /* MelogranoProjectApp.swift in Sources */,
				C91DC2942A13C66C00FA8329 /* BallsView.swift in Sources */,
				C9DFCF8D2A3702270018AA9B /* DimensionHelper.swift in Sources */,
				0A72FD762A2752F300073F85 /* CardOrderViewGameTwo.swift in Sources */,
				C9DFCF8B2A3701E90018AA9B /* FinishButtonView.swift in Sources */,
				0A72FD242A273AE300073F85 /* CardMemory.swift in Sources */,
				C9DFCF9B2A3704D30018AA9B /* VuotoView.swift in Sources */,
				C94228062A265ED10019A550 /* ModelGameOne.swift in Sources */,
				0A72FD782A27530400073F85 /* CardGameTwoView.swift in Sources */,
				0A12FAC32A38557E001B0DA1 /* ColorExtention.swift in Sources */,
				C94228002A265E590019A550 /* GameOneView.swift in Sources */,
				C9DFCF952A3704130018AA9B /* CronoGameView.swift in Sources */,
				C94228022A265E810019A550 /* CardGameOne.swift in Sources */,
				C9DFCF972A3704640018AA9B /* CardActivityView.swift in Sources */,
				C9DFCF8F2A3703370018AA9B /* Menu.swift in Sources */,
				C9DFCF912A3703920018AA9B /* LevelView.swift in Sources */,
				C9E319B12A34725200BEF354 /* GameBallsLevel2.swift in Sources */,
				C94228082A265EF00019A550 /* CardOrderViewGameOne.swift in Sources */,
				C9E319B32A34949500BEF354 /* GameBallsLevel3.swift in Sources */,
				0A72FD7C2A27531E00073F85 /* CardGameTwo.swift in Sources */,
				C9ABC2412A267DBE00D5D6E9 /* Game.swift in Sources */,
				C94228042A265EB10019A550 /* CardGameOneView.swift in Sources */,
			);
			runOnlyForDeploymentPostprocessing = 0;
		};
		0A6732A62A0B830400806FEA /* Sources */ = {
			isa = PBXSourcesBuildPhase;
			buildActionMask = 2147483647;
			files = (
				0A6732AF2A0B830400806FEA /* MelogranoProjectTests.swift in Sources */,
			);
			runOnlyForDeploymentPostprocessing = 0;
		};
		0A6732B02A0B830400806FEA /* Sources */ = {
			isa = PBXSourcesBuildPhase;
			buildActionMask = 2147483647;
			files = (
				0A6732B92A0B830400806FEA /* MelogranoProjectUITests.swift in Sources */,
				0A6732BB2A0B830400806FEA /* MelogranoProjectUITestsLaunchTests.swift in Sources */,
			);
			runOnlyForDeploymentPostprocessing = 0;
		};
/* End PBXSourcesBuildPhase section */

/* Begin PBXTargetDependency section */
		0A6732AC2A0B830400806FEA /* PBXTargetDependency */ = {
			isa = PBXTargetDependency;
			target = 0A6732942A0B830300806FEA /* MelogranoProject */;
			targetProxy = 0A6732AB2A0B830400806FEA /* PBXContainerItemProxy */;
		};
		0A6732B62A0B830400806FEA /* PBXTargetDependency */ = {
			isa = PBXTargetDependency;
			target = 0A6732942A0B830300806FEA /* MelogranoProject */;
			targetProxy = 0A6732B52A0B830400806FEA /* PBXContainerItemProxy */;
		};
/* End PBXTargetDependency section */

/* Begin XCBuildConfiguration section */
		0A6732BC2A0B830400806FEA /* Debug */ = {
			isa = XCBuildConfiguration;
			buildSettings = {
				ALWAYS_SEARCH_USER_PATHS = NO;
				CLANG_ANALYZER_NONNULL = YES;
				CLANG_ANALYZER_NUMBER_OBJECT_CONVERSION = YES_AGGRESSIVE;
				CLANG_CXX_LANGUAGE_STANDARD = "gnu++20";
				CLANG_ENABLE_MODULES = YES;
				CLANG_ENABLE_OBJC_ARC = YES;
				CLANG_ENABLE_OBJC_WEAK = YES;
				CLANG_WARN_BLOCK_CAPTURE_AUTORELEASING = YES;
				CLANG_WARN_BOOL_CONVERSION = YES;
				CLANG_WARN_COMMA = YES;
				CLANG_WARN_CONSTANT_CONVERSION = YES;
				CLANG_WARN_DEPRECATED_OBJC_IMPLEMENTATIONS = YES;
				CLANG_WARN_DIRECT_OBJC_ISA_USAGE = YES_ERROR;
				CLANG_WARN_DOCUMENTATION_COMMENTS = YES;
				CLANG_WARN_EMPTY_BODY = YES;
				CLANG_WARN_ENUM_CONVERSION = YES;
				CLANG_WARN_INFINITE_RECURSION = YES;
				CLANG_WARN_INT_CONVERSION = YES;
				CLANG_WARN_NON_LITERAL_NULL_CONVERSION = YES;
				CLANG_WARN_OBJC_IMPLICIT_RETAIN_SELF = YES;
				CLANG_WARN_OBJC_LITERAL_CONVERSION = YES;
				CLANG_WARN_OBJC_ROOT_CLASS = YES_ERROR;
				CLANG_WARN_QUOTED_INCLUDE_IN_FRAMEWORK_HEADER = YES;
				CLANG_WARN_RANGE_LOOP_ANALYSIS = YES;
				CLANG_WARN_STRICT_PROTOTYPES = YES;
				CLANG_WARN_SUSPICIOUS_MOVE = YES;
				CLANG_WARN_UNGUARDED_AVAILABILITY = YES_AGGRESSIVE;
				CLANG_WARN_UNREACHABLE_CODE = YES;
				CLANG_WARN__DUPLICATE_METHOD_MATCH = YES;
				COPY_PHASE_STRIP = NO;
				DEBUG_INFORMATION_FORMAT = dwarf;
				ENABLE_STRICT_OBJC_MSGSEND = YES;
				ENABLE_TESTABILITY = YES;
				GCC_C_LANGUAGE_STANDARD = gnu11;
				GCC_DYNAMIC_NO_PIC = NO;
				GCC_NO_COMMON_BLOCKS = YES;
				GCC_OPTIMIZATION_LEVEL = 0;
				GCC_PREPROCESSOR_DEFINITIONS = (
					"DEBUG=1",
					"$(inherited)",
				);
				GCC_WARN_64_TO_32_BIT_CONVERSION = YES;
				GCC_WARN_ABOUT_RETURN_TYPE = YES_ERROR;
				GCC_WARN_UNDECLARED_SELECTOR = YES;
				GCC_WARN_UNINITIALIZED_AUTOS = YES_AGGRESSIVE;
				GCC_WARN_UNUSED_FUNCTION = YES;
				GCC_WARN_UNUSED_VARIABLE = YES;
				IPHONEOS_DEPLOYMENT_TARGET = 16.4;
				MTL_ENABLE_DEBUG_INFO = INCLUDE_SOURCE;
				MTL_FAST_MATH = YES;
				ONLY_ACTIVE_ARCH = YES;
				SDKROOT = iphoneos;
				SWIFT_ACTIVE_COMPILATION_CONDITIONS = DEBUG;
				SWIFT_OPTIMIZATION_LEVEL = "-Onone";
			};
			name = Debug;
		};
		0A6732BD2A0B830400806FEA /* Release */ = {
			isa = XCBuildConfiguration;
			buildSettings = {
				ALWAYS_SEARCH_USER_PATHS = NO;
				CLANG_ANALYZER_NONNULL = YES;
				CLANG_ANALYZER_NUMBER_OBJECT_CONVERSION = YES_AGGRESSIVE;
				CLANG_CXX_LANGUAGE_STANDARD = "gnu++20";
				CLANG_ENABLE_MODULES = YES;
				CLANG_ENABLE_OBJC_ARC = YES;
				CLANG_ENABLE_OBJC_WEAK = YES;
				CLANG_WARN_BLOCK_CAPTURE_AUTORELEASING = YES;
				CLANG_WARN_BOOL_CONVERSION = YES;
				CLANG_WARN_COMMA = YES;
				CLANG_WARN_CONSTANT_CONVERSION = YES;
				CLANG_WARN_DEPRECATED_OBJC_IMPLEMENTATIONS = YES;
				CLANG_WARN_DIRECT_OBJC_ISA_USAGE = YES_ERROR;
				CLANG_WARN_DOCUMENTATION_COMMENTS = YES;
				CLANG_WARN_EMPTY_BODY = YES;
				CLANG_WARN_ENUM_CONVERSION = YES;
				CLANG_WARN_INFINITE_RECURSION = YES;
				CLANG_WARN_INT_CONVERSION = YES;
				CLANG_WARN_NON_LITERAL_NULL_CONVERSION = YES;
				CLANG_WARN_OBJC_IMPLICIT_RETAIN_SELF = YES;
				CLANG_WARN_OBJC_LITERAL_CONVERSION = YES;
				CLANG_WARN_OBJC_ROOT_CLASS = YES_ERROR;
				CLANG_WARN_QUOTED_INCLUDE_IN_FRAMEWORK_HEADER = YES;
				CLANG_WARN_RANGE_LOOP_ANALYSIS = YES;
				CLANG_WARN_STRICT_PROTOTYPES = YES;
				CLANG_WARN_SUSPICIOUS_MOVE = YES;
				CLANG_WARN_UNGUARDED_AVAILABILITY = YES_AGGRESSIVE;
				CLANG_WARN_UNREACHABLE_CODE = YES;
				CLANG_WARN__DUPLICATE_METHOD_MATCH = YES;
				COPY_PHASE_STRIP = NO;
				DEBUG_INFORMATION_FORMAT = "dwarf-with-dsym";
				ENABLE_NS_ASSERTIONS = NO;
				ENABLE_STRICT_OBJC_MSGSEND = YES;
				GCC_C_LANGUAGE_STANDARD = gnu11;
				GCC_NO_COMMON_BLOCKS = YES;
				GCC_WARN_64_TO_32_BIT_CONVERSION = YES;
				GCC_WARN_ABOUT_RETURN_TYPE = YES_ERROR;
				GCC_WARN_UNDECLARED_SELECTOR = YES;
				GCC_WARN_UNINITIALIZED_AUTOS = YES_AGGRESSIVE;
				GCC_WARN_UNUSED_FUNCTION = YES;
				GCC_WARN_UNUSED_VARIABLE = YES;
				IPHONEOS_DEPLOYMENT_TARGET = 16.4;
				MTL_ENABLE_DEBUG_INFO = NO;
				MTL_FAST_MATH = YES;
				SDKROOT = iphoneos;
				SWIFT_COMPILATION_MODE = wholemodule;
				SWIFT_OPTIMIZATION_LEVEL = "-O";
				VALIDATE_PRODUCT = YES;
			};
			name = Release;
		};
		0A6732BF2A0B830400806FEA /* Debug */ = {
			isa = XCBuildConfiguration;
			buildSettings = {
				ASSETCATALOG_COMPILER_APPICON_NAME = AppIcon;
				ASSETCATALOG_COMPILER_GLOBAL_ACCENT_COLOR_NAME = AccentColor;
				CODE_SIGN_STYLE = Automatic;
				CURRENT_PROJECT_VERSION = 1;
				DEVELOPMENT_ASSET_PATHS = "\"MelogranoProject/Preview Content\"";
				DEVELOPMENT_TEAM = 7UYK6M3ATF;
				ENABLE_PREVIEWS = YES;
				GENERATE_INFOPLIST_FILE = YES;
				INFOPLIST_FILE = MelogranoProject/Info.plist;
				INFOPLIST_KEY_LSApplicationCategoryType = "";
				INFOPLIST_KEY_UIApplicationSceneManifest_Generation = YES;
				INFOPLIST_KEY_UIApplicationSupportsIndirectInputEvents = YES;
				INFOPLIST_KEY_UILaunchScreen_Generation = YES;
				INFOPLIST_KEY_UIRequiresFullScreen = YES;
				INFOPLIST_KEY_UISupportedInterfaceOrientations = UIInterfaceOrientationLandscapeLeft;
				INFOPLIST_KEY_UISupportedInterfaceOrientations_iPad = "UIInterfaceOrientationLandscapeLeft UIInterfaceOrientationLandscapeRight";
				IPHONEOS_DEPLOYMENT_TARGET = 16.1;
				LD_RUNPATH_SEARCH_PATHS = (
					"$(inherited)",
					"@executable_path/Frameworks",
				);
				MARKETING_VERSION = 1.0;
				PRODUCT_BUNDLE_IDENTIFIER = com.giuseppeiodice.MelogranoProject;
				PRODUCT_NAME = "$(TARGET_NAME)";
				SUPPORTED_PLATFORMS = "iphoneos iphonesimulator";
				SUPPORTS_MACCATALYST = NO;
				SUPPORTS_MAC_DESIGNED_FOR_IPHONE_IPAD = NO;
				SWIFT_EMIT_LOC_STRINGS = YES;
				SWIFT_VERSION = 5.0;
				TARGETED_DEVICE_FAMILY = 2;
			};
			name = Debug;
		};
		0A6732C02A0B830400806FEA /* Release */ = {
			isa = XCBuildConfiguration;
			buildSettings = {
				ASSETCATALOG_COMPILER_APPICON_NAME = AppIcon;
				ASSETCATALOG_COMPILER_GLOBAL_ACCENT_COLOR_NAME = AccentColor;
				CODE_SIGN_STYLE = Automatic;
				CURRENT_PROJECT_VERSION = 1;
				DEVELOPMENT_ASSET_PATHS = "\"MelogranoProject/Preview Content\"";
				DEVELOPMENT_TEAM = 7UYK6M3ATF;
				ENABLE_PREVIEWS = YES;
				GENERATE_INFOPLIST_FILE = YES;
				INFOPLIST_FILE = MelogranoProject/Info.plist;
				INFOPLIST_KEY_LSApplicationCategoryType = "";
				INFOPLIST_KEY_UIApplicationSceneManifest_Generation = YES;
				INFOPLIST_KEY_UIApplicationSupportsIndirectInputEvents = YES;
				INFOPLIST_KEY_UILaunchScreen_Generation = YES;
				INFOPLIST_KEY_UIRequiresFullScreen = YES;
				INFOPLIST_KEY_UISupportedInterfaceOrientations = UIInterfaceOrientationLandscapeLeft;
				INFOPLIST_KEY_UISupportedInterfaceOrientations_iPad = "UIInterfaceOrientationLandscapeLeft UIInterfaceOrientationLandscapeRight";
				IPHONEOS_DEPLOYMENT_TARGET = 16.1;
				LD_RUNPATH_SEARCH_PATHS = (
					"$(inherited)",
					"@executable_path/Frameworks",
				);
				MARKETING_VERSION = 1.0;
				PRODUCT_BUNDLE_IDENTIFIER = com.giuseppeiodice.MelogranoProject;
				PRODUCT_NAME = "$(TARGET_NAME)";
				SUPPORTED_PLATFORMS = "iphoneos iphonesimulator";
				SUPPORTS_MACCATALYST = NO;
				SUPPORTS_MAC_DESIGNED_FOR_IPHONE_IPAD = NO;
				SWIFT_EMIT_LOC_STRINGS = YES;
				SWIFT_VERSION = 5.0;
				TARGETED_DEVICE_FAMILY = 2;
			};
			name = Release;
		};
		0A6732C22A0B830400806FEA /* Debug */ = {
			isa = XCBuildConfiguration;
			buildSettings = {
				ALWAYS_EMBED_SWIFT_STANDARD_LIBRARIES = YES;
				BUNDLE_LOADER = "$(TEST_HOST)";
				CODE_SIGN_STYLE = Automatic;
				CURRENT_PROJECT_VERSION = 1;
				DEVELOPMENT_TEAM = 4LS82UK5QS;
				GENERATE_INFOPLIST_FILE = YES;
				IPHONEOS_DEPLOYMENT_TARGET = 16.4;
				MARKETING_VERSION = 1.0;
				PRODUCT_BUNDLE_IDENTIFIER = com.giuseppeiodice.MelogranoProjectTests;
				PRODUCT_NAME = "$(TARGET_NAME)";
				SWIFT_EMIT_LOC_STRINGS = NO;
				SWIFT_VERSION = 5.0;
				TARGETED_DEVICE_FAMILY = "1,2";
				TEST_HOST = "$(BUILT_PRODUCTS_DIR)/MelogranoProject.app/$(BUNDLE_EXECUTABLE_FOLDER_PATH)/MelogranoProject";
			};
			name = Debug;
		};
		0A6732C32A0B830400806FEA /* Release */ = {
			isa = XCBuildConfiguration;
			buildSettings = {
				ALWAYS_EMBED_SWIFT_STANDARD_LIBRARIES = YES;
				BUNDLE_LOADER = "$(TEST_HOST)";
				CODE_SIGN_STYLE = Automatic;
				CURRENT_PROJECT_VERSION = 1;
				DEVELOPMENT_TEAM = 4LS82UK5QS;
				GENERATE_INFOPLIST_FILE = YES;
				IPHONEOS_DEPLOYMENT_TARGET = 16.4;
				MARKETING_VERSION = 1.0;
				PRODUCT_BUNDLE_IDENTIFIER = com.giuseppeiodice.MelogranoProjectTests;
				PRODUCT_NAME = "$(TARGET_NAME)";
				SWIFT_EMIT_LOC_STRINGS = NO;
				SWIFT_VERSION = 5.0;
				TARGETED_DEVICE_FAMILY = "1,2";
				TEST_HOST = "$(BUILT_PRODUCTS_DIR)/MelogranoProject.app/$(BUNDLE_EXECUTABLE_FOLDER_PATH)/MelogranoProject";
			};
			name = Release;
		};
		0A6732C52A0B830400806FEA /* Debug */ = {
			isa = XCBuildConfiguration;
			buildSettings = {
				ALWAYS_EMBED_SWIFT_STANDARD_LIBRARIES = YES;
				CODE_SIGN_STYLE = Automatic;
				CURRENT_PROJECT_VERSION = 1;
				DEVELOPMENT_TEAM = 4LS82UK5QS;
				GENERATE_INFOPLIST_FILE = YES;
				MARKETING_VERSION = 1.0;
				PRODUCT_BUNDLE_IDENTIFIER = com.giuseppeiodice.MelogranoProjectUITests;
				PRODUCT_NAME = "$(TARGET_NAME)";
				SWIFT_EMIT_LOC_STRINGS = NO;
				SWIFT_VERSION = 5.0;
				TARGETED_DEVICE_FAMILY = "1,2";
				TEST_TARGET_NAME = MelogranoProject;
			};
			name = Debug;
		};
		0A6732C62A0B830400806FEA /* Release */ = {
			isa = XCBuildConfiguration;
			buildSettings = {
				ALWAYS_EMBED_SWIFT_STANDARD_LIBRARIES = YES;
				CODE_SIGN_STYLE = Automatic;
				CURRENT_PROJECT_VERSION = 1;
				DEVELOPMENT_TEAM = 4LS82UK5QS;
				GENERATE_INFOPLIST_FILE = YES;
				MARKETING_VERSION = 1.0;
				PRODUCT_BUNDLE_IDENTIFIER = com.giuseppeiodice.MelogranoProjectUITests;
				PRODUCT_NAME = "$(TARGET_NAME)";
				SWIFT_EMIT_LOC_STRINGS = NO;
				SWIFT_VERSION = 5.0;
				TARGETED_DEVICE_FAMILY = "1,2";
				TEST_TARGET_NAME = MelogranoProject;
			};
			name = Release;
		};
/* End XCBuildConfiguration section */

/* Begin XCConfigurationList section */
		0A6732902A0B830300806FEA /* Build configuration list for PBXProject "MelogranoProject" */ = {
			isa = XCConfigurationList;
			buildConfigurations = (
				0A6732BC2A0B830400806FEA /* Debug */,
				0A6732BD2A0B830400806FEA /* Release */,
			);
			defaultConfigurationIsVisible = 0;
			defaultConfigurationName = Release;
		};
		0A6732BE2A0B830400806FEA /* Build configuration list for PBXNativeTarget "MelogranoProject" */ = {
			isa = XCConfigurationList;
			buildConfigurations = (
				0A6732BF2A0B830400806FEA /* Debug */,
				0A6732C02A0B830400806FEA /* Release */,
			);
			defaultConfigurationIsVisible = 0;
			defaultConfigurationName = Release;
		};
		0A6732C12A0B830400806FEA /* Build configuration list for PBXNativeTarget "MelogranoProjectTests" */ = {
			isa = XCConfigurationList;
			buildConfigurations = (
				0A6732C22A0B830400806FEA /* Debug */,
				0A6732C32A0B830400806FEA /* Release */,
			);
			defaultConfigurationIsVisible = 0;
			defaultConfigurationName = Release;
		};
		0A6732C42A0B830400806FEA /* Build configuration list for PBXNativeTarget "MelogranoProjectUITests" */ = {
			isa = XCConfigurationList;
			buildConfigurations = (
				0A6732C52A0B830400806FEA /* Debug */,
				0A6732C62A0B830400806FEA /* Release */,
			);
			defaultConfigurationIsVisible = 0;
			defaultConfigurationName = Release;
		};
/* End XCConfigurationList section */

/* Begin XCVersionGroup section */
		0A6732A32A0B830400806FEA /* MelogranoProject.xcdatamodeld */ = {
			isa = XCVersionGroup;
			children = (
				0A6732A42A0B830400806FEA /* MelogranoProject.xcdatamodel */,
			);
			currentVersion = 0A6732A42A0B830400806FEA /* MelogranoProject.xcdatamodel */;
			path = MelogranoProject.xcdatamodeld;
			sourceTree = "<group>";
			versionGroupType = wrapper.xcdatamodel;
		};
/* End XCVersionGroup section */
	};
	rootObject = 0A67328D2A0B830300806FEA /* Project object */;
}
